// !$*UTF8*$!
{
	archiveVersion = 1;
	classes = {
	};
	objectVersion = 46;
	objects = {

/* Begin PBXBuildFile section */
		A53AD01268E183394AF9BB5C /* Pods_Girl.framework in Frameworks */ = {isa = PBXBuildFile; fileRef = ADC2CDAAFBDCA79B2F6588E6 /* Pods_Girl.framework */; };
		B4775F6F1CA0FAA7005127EB /* AppDelegate.swift in Sources */ = {isa = PBXBuildFile; fileRef = B4775F6E1CA0FAA7005127EB /* AppDelegate.swift */; };
		B4775F711CA0FAA7005127EB /* ViewController.swift in Sources */ = {isa = PBXBuildFile; fileRef = B4775F701CA0FAA7005127EB /* ViewController.swift */; };
		B4775F741CA0FAA7005127EB /* Main.storyboard in Resources */ = {isa = PBXBuildFile; fileRef = B4775F721CA0FAA7005127EB /* Main.storyboard */; };
		B4775F761CA0FAA7005127EB /* Assets.xcassets in Resources */ = {isa = PBXBuildFile; fileRef = B4775F751CA0FAA7005127EB /* Assets.xcassets */; };
		B4775F791CA0FAA8005127EB /* LaunchScreen.storyboard in Resources */ = {isa = PBXBuildFile; fileRef = B4775F771CA0FAA7005127EB /* LaunchScreen.storyboard */; };
		B4775F891CA11E41005127EB /* GirlNavigationController.swift in Sources */ = {isa = PBXBuildFile; fileRef = B4775F881CA11E41005127EB /* GirlNavigationController.swift */; };
		B4775F8C1CA11F69005127EB /* UIColor+Extension.swift in Sources */ = {isa = PBXBuildFile; fileRef = B4775F8B1CA11F69005127EB /* UIColor+Extension.swift */; };
		B4775F8E1CA12646005127EB /* GirlTabBarController.swift in Sources */ = {isa = PBXBuildFile; fileRef = B4775F8D1CA12646005127EB /* GirlTabBarController.swift */; };
		B4775F911CA12C5D005127EB /* GirlBaseUIViewController.swift in Sources */ = {isa = PBXBuildFile; fileRef = B4775F901CA12C5D005127EB /* GirlBaseUIViewController.swift */; };
		B4775F931CA12CCF005127EB /* HomePageController.swift in Sources */ = {isa = PBXBuildFile; fileRef = B4775F921CA12CCF005127EB /* HomePageController.swift */; };
		B4775F951CA12CE6005127EB /* ProgressController.swift in Sources */ = {isa = PBXBuildFile; fileRef = B4775F941CA12CE6005127EB /* ProgressController.swift */; };
		B4775F971CA12CFA005127EB /* DiscoverController.swift in Sources */ = {isa = PBXBuildFile; fileRef = B4775F961CA12CFA005127EB /* DiscoverController.swift */; };
		B4775F991CA12D1C005127EB /* FavourController.swift in Sources */ = {isa = PBXBuildFile; fileRef = B4775F981CA12D1C005127EB /* FavourController.swift */; };
		B4775FB11CA1339E005127EB /* tab_discover@2x.png in Resources */ = {isa = PBXBuildFile; fileRef = B4775FA01CA1339E005127EB /* tab_discover@2x.png */; };
		B4775FB21CA1339E005127EB /* tab_discover_pre@2x.png in Resources */ = {isa = PBXBuildFile; fileRef = B4775FA11CA1339E005127EB /* tab_discover_pre@2x.png */; };
		B4775FB31CA1339E005127EB /* tab_fav@2x.png in Resources */ = {isa = PBXBuildFile; fileRef = B4775FA21CA1339E005127EB /* tab_fav@2x.png */; };
		B4775FB41CA1339E005127EB /* tab_fav_pre@2x.png in Resources */ = {isa = PBXBuildFile; fileRef = B4775FA31CA1339E005127EB /* tab_fav_pre@2x.png */; };
		B4775FB51CA1339E005127EB /* tab_home@2x.png in Resources */ = {isa = PBXBuildFile; fileRef = B4775FA41CA1339E005127EB /* tab_home@2x.png */; };
		B4775FB61CA1339E005127EB /* tab_home_pre@2x.png in Resources */ = {isa = PBXBuildFile; fileRef = B4775FA51CA1339E005127EB /* tab_home_pre@2x.png */; };
		B4775FB71CA1339E005127EB /* tab_progress@2x.png in Resources */ = {isa = PBXBuildFile; fileRef = B4775FA61CA1339E005127EB /* tab_progress@2x.png */; };
		B4775FB81CA1339E005127EB /* tab_progress_pre@2x.png in Resources */ = {isa = PBXBuildFile; fileRef = B4775FA71CA1339E005127EB /* tab_progress_pre@2x.png */; };
		B4775FB91CA1339E005127EB /* tab_discover@3x.png in Resources */ = {isa = PBXBuildFile; fileRef = B4775FA91CA1339E005127EB /* tab_discover@3x.png */; };
		B4775FBA1CA1339E005127EB /* tab_discover_pre@3x.png in Resources */ = {isa = PBXBuildFile; fileRef = B4775FAA1CA1339E005127EB /* tab_discover_pre@3x.png */; };
		B4775FBB1CA1339E005127EB /* tab_fav@3x.png in Resources */ = {isa = PBXBuildFile; fileRef = B4775FAB1CA1339E005127EB /* tab_fav@3x.png */; };
		B4775FBC1CA1339E005127EB /* tab_fav_pre@3x.png in Resources */ = {isa = PBXBuildFile; fileRef = B4775FAC1CA1339E005127EB /* tab_fav_pre@3x.png */; };
		B4775FBD1CA1339E005127EB /* tab_home@3x.png in Resources */ = {isa = PBXBuildFile; fileRef = B4775FAD1CA1339E005127EB /* tab_home@3x.png */; };
		B4775FBE1CA1339E005127EB /* tab_home_pre@3x.png in Resources */ = {isa = PBXBuildFile; fileRef = B4775FAE1CA1339E005127EB /* tab_home_pre@3x.png */; };
		B4775FBF1CA1339E005127EB /* tab_progress@3x.png in Resources */ = {isa = PBXBuildFile; fileRef = B4775FAF1CA1339E005127EB /* tab_progress@3x.png */; };
		B4775FC01CA1339E005127EB /* tab_progress_pre@3x.png in Resources */ = {isa = PBXBuildFile; fileRef = B4775FB01CA1339E005127EB /* tab_progress_pre@3x.png */; };
		B4775FC21CA1396D005127EB /* BaseCollectionController.swift in Sources */ = {isa = PBXBuildFile; fileRef = B4775FC11CA1396D005127EB /* BaseCollectionController.swift */; };
		B4775FC51CA140EC005127EB /* PhotosCell.swift in Sources */ = {isa = PBXBuildFile; fileRef = B4775FC41CA140EC005127EB /* PhotosCell.swift */; };
		B4775FC91CA14A0E005127EB /* nav_back@2x.png in Resources */ = {isa = PBXBuildFile; fileRef = B4775FC71CA14A0E005127EB /* nav_back@2x.png */; };
		B4775FCA1CA14A0E005127EB /* nav_back@3x.png in Resources */ = {isa = PBXBuildFile; fileRef = B4775FC81CA14A0E005127EB /* nav_back@3x.png */; };
		B4775FD21CA1525A005127EB /* HTTPDataProcess.swift in Sources */ = {isa = PBXBuildFile; fileRef = B4775FCC1CA1525A005127EB /* HTTPDataProcess.swift */; };
		B4775FD31CA1525A005127EB /* HTTPNetworkMonitor.swift in Sources */ = {isa = PBXBuildFile; fileRef = B4775FCD1CA1525A005127EB /* HTTPNetworkMonitor.swift */; };
		B4775FD41CA1525A005127EB /* HTTPRequest.swift in Sources */ = {isa = PBXBuildFile; fileRef = B4775FCE1CA1525A005127EB /* HTTPRequest.swift */; };
		B4775FD51CA1525A005127EB /* HTTPRequestManager.swift in Sources */ = {isa = PBXBuildFile; fileRef = B4775FCF1CA1525A005127EB /* HTTPRequestManager.swift */; };
		B4775FD61CA1525A005127EB /* Reachability.swift in Sources */ = {isa = PBXBuildFile; fileRef = B4775FD11CA1525A005127EB /* Reachability.swift */; };
		B4775FD81CA159DE005127EB /* PhotoLibController.swift in Sources */ = {isa = PBXBuildFile; fileRef = B4775FD71CA159DE005127EB /* PhotoLibController.swift */; };
		B4775FDD1CA18D2E005127EB /* DownloadImageExtensions.swift in Sources */ = {isa = PBXBuildFile; fileRef = B4775FDA1CA18D2E005127EB /* DownloadImageExtensions.swift */; };
		B4775FDE1CA18D2E005127EB /* DownloadImageManager.swift in Sources */ = {isa = PBXBuildFile; fileRef = B4775FDB1CA18D2E005127EB /* DownloadImageManager.swift */; };
		B4775FDF1CA18D2E005127EB /* DownloadImageOperation.swift in Sources */ = {isa = PBXBuildFile; fileRef = B4775FDC1CA18D2E005127EB /* DownloadImageOperation.swift */; };
		B4775FE11CA1A348005127EB /* PhotoDetailController.swift in Sources */ = {isa = PBXBuildFile; fileRef = B4775FE01CA1A348005127EB /* PhotoDetailController.swift */; };
		B4775FF71CA1A853005127EB /* PhotoBrowser+Common.swift in Sources */ = {isa = PBXBuildFile; fileRef = B4775FE41CA1A852005127EB /* PhotoBrowser+Common.swift */; };
		B4775FF81CA1A853005127EB /* pic.bundle in Resources */ = {isa = PBXBuildFile; fileRef = B4775FE51CA1A852005127EB /* pic.bundle */; };
		B4775FF91CA1A853005127EB /* PhotoBrowser+CollectionViewExtend.swift in Sources */ = {isa = PBXBuildFile; fileRef = B4775FE71CA1A853005127EB /* PhotoBrowser+CollectionViewExtend.swift */; };
		B4775FFA1CA1A853005127EB /* PhotoBrowser+HUD.swift in Sources */ = {isa = PBXBuildFile; fileRef = B4775FE81CA1A853005127EB /* PhotoBrowser+HUD.swift */; };
		B4775FFB1CA1A853005127EB /* PhotoBrowser+Indicator.swift in Sources */ = {isa = PBXBuildFile; fileRef = B4775FE91CA1A853005127EB /* PhotoBrowser+Indicator.swift */; };
		B4775FFC1CA1A853005127EB /* PhotoBrowser+Main.swift in Sources */ = {isa = PBXBuildFile; fileRef = B4775FEA1CA1A853005127EB /* PhotoBrowser+Main.swift */; };
		B4775FFD1CA1A853005127EB /* PhotoBrowser+PBType.swift in Sources */ = {isa = PBXBuildFile; fileRef = B4775FEB1CA1A853005127EB /* PhotoBrowser+PBType.swift */; };
		B4775FFE1CA1A853005127EB /* PhotoBrowser+ZoomAnim.swift in Sources */ = {isa = PBXBuildFile; fileRef = B4775FEC1CA1A853005127EB /* PhotoBrowser+ZoomAnim.swift */; };
		B4775FFF1CA1A853005127EB /* Layout.swift in Sources */ = {isa = PBXBuildFile; fileRef = B4775FEE1CA1A853005127EB /* Layout.swift */; };
		B47760001CA1A853005127EB /* PhotoBrowser+Model.swift in Sources */ = {isa = PBXBuildFile; fileRef = B4775FF01CA1A853005127EB /* PhotoBrowser+Model.swift */; };
		B47760011CA1A853005127EB /* PhotoBrowser.swift in Sources */ = {isa = PBXBuildFile; fileRef = B4775FF11CA1A853005127EB /* PhotoBrowser.swift */; };
		B47760021CA1A853005127EB /* CollectionView.swift in Sources */ = {isa = PBXBuildFile; fileRef = B4775FF31CA1A853005127EB /* CollectionView.swift */; };
		B47760031CA1A853005127EB /* ItemCell.swift in Sources */ = {isa = PBXBuildFile; fileRef = B4775FF41CA1A853005127EB /* ItemCell.swift */; };
		B47760041CA1A853005127EB /* ItemCell.xib in Resources */ = {isa = PBXBuildFile; fileRef = B4775FF51CA1A853005127EB /* ItemCell.xib */; };
		B47760051CA1A853005127EB /* ShowImageView.swift in Sources */ = {isa = PBXBuildFile; fileRef = B4775FF61CA1A853005127EB /* ShowImageView.swift */; };
		B477605A1CA1A980005127EB /* CFSnapKit.swift in Sources */ = {isa = PBXBuildFile; fileRef = B47760101CA1A980005127EB /* CFSnapKit.swift */; };
		B477605B1CA1A980005127EB /* Constraint.swift in Sources */ = {isa = PBXBuildFile; fileRef = B47760121CA1A980005127EB /* Constraint.swift */; };
		B477605C1CA1A980005127EB /* ConstraintAttributes.swift in Sources */ = {isa = PBXBuildFile; fileRef = B47760131CA1A980005127EB /* ConstraintAttributes.swift */; };
		B477605D1CA1A980005127EB /* ConstraintDescription.swift in Sources */ = {isa = PBXBuildFile; fileRef = B47760141CA1A980005127EB /* ConstraintDescription.swift */; };
		B477605E1CA1A980005127EB /* ConstraintItem.swift in Sources */ = {isa = PBXBuildFile; fileRef = B47760151CA1A980005127EB /* ConstraintItem.swift */; };
		B477605F1CA1A980005127EB /* ConstraintMaker.swift in Sources */ = {isa = PBXBuildFile; fileRef = B47760161CA1A980005127EB /* ConstraintMaker.swift */; };
		B47760601CA1A980005127EB /* ConstraintRelation.swift in Sources */ = {isa = PBXBuildFile; fileRef = B47760171CA1A980005127EB /* ConstraintRelation.swift */; };
		B47760611CA1A980005127EB /* Debugging.swift in Sources */ = {isa = PBXBuildFile; fileRef = B47760181CA1A980005127EB /* Debugging.swift */; };
		B47760621CA1A980005127EB /* EdgeInsets.swift in Sources */ = {isa = PBXBuildFile; fileRef = B47760191CA1A980005127EB /* EdgeInsets.swift */; };
		B47760631CA1A980005127EB /* LayoutConstraint.swift in Sources */ = {isa = PBXBuildFile; fileRef = B477601A1CA1A980005127EB /* LayoutConstraint.swift */; };
		B47760641CA1A980005127EB /* SnapKit.swift in Sources */ = {isa = PBXBuildFile; fileRef = B477601C1CA1A980005127EB /* SnapKit.swift */; };
		B47760651CA1A980005127EB /* SourceLocation.swift in Sources */ = {isa = PBXBuildFile; fileRef = B477601D1CA1A980005127EB /* SourceLocation.swift */; };
		B47760661CA1A980005127EB /* View+SnapKit.swift in Sources */ = {isa = PBXBuildFile; fileRef = B477601E1CA1A980005127EB /* View+SnapKit.swift */; };
		B47760671CA1A980005127EB /* ViewController+SnapKit.swift in Sources */ = {isa = PBXBuildFile; fileRef = B477601F1CA1A980005127EB /* ViewController+SnapKit.swift */; };
		B47760681CA1A980005127EB /* Cache.swift in Sources */ = {isa = PBXBuildFile; fileRef = B47760211CA1A980005127EB /* Cache.swift */; };
		B47760691CA1A980005127EB /* CGSize+Swift.swift in Sources */ = {isa = PBXBuildFile; fileRef = B47760221CA1A980005127EB /* CGSize+Swift.swift */; };
		B477606A1CA1A980005127EB /* CryptoSwiftMD5.swift in Sources */ = {isa = PBXBuildFile; fileRef = B47760231CA1A980005127EB /* CryptoSwiftMD5.swift */; };
		B477606B1CA1A980005127EB /* Data.swift in Sources */ = {isa = PBXBuildFile; fileRef = B47760241CA1A980005127EB /* Data.swift */; };
		B477606C1CA1A980005127EB /* DiskCache.swift in Sources */ = {isa = PBXBuildFile; fileRef = B47760251CA1A980005127EB /* DiskCache.swift */; };
		B477606D1CA1A980005127EB /* DiskFetcher.swift in Sources */ = {isa = PBXBuildFile; fileRef = B47760261CA1A980005127EB /* DiskFetcher.swift */; };
		B477606E1CA1A980005127EB /* Fetch.swift in Sources */ = {isa = PBXBuildFile; fileRef = B47760271CA1A980005127EB /* Fetch.swift */; };
		B477606F1CA1A980005127EB /* Fetcher.swift in Sources */ = {isa = PBXBuildFile; fileRef = B47760281CA1A980005127EB /* Fetcher.swift */; };
		B47760701CA1A980005127EB /* Format.swift in Sources */ = {isa = PBXBuildFile; fileRef = B47760291CA1A980005127EB /* Format.swift */; };
		B47760711CA1A980005127EB /* Haneke.swift in Sources */ = {isa = PBXBuildFile; fileRef = B477602B1CA1A980005127EB /* Haneke.swift */; };
		B47760721CA1A980005127EB /* Log.swift in Sources */ = {isa = PBXBuildFile; fileRef = B477602C1CA1A980005127EB /* Log.swift */; };
		B47760731CA1A980005127EB /* NetworkFetcher.swift in Sources */ = {isa = PBXBuildFile; fileRef = B477602D1CA1A980005127EB /* NetworkFetcher.swift */; };
		B47760741CA1A980005127EB /* NSFileManager+Haneke.swift in Sources */ = {isa = PBXBuildFile; fileRef = B477602E1CA1A980005127EB /* NSFileManager+Haneke.swift */; };
		B47760751CA1A980005127EB /* NSHTTPURLResponse+Haneke.swift in Sources */ = {isa = PBXBuildFile; fileRef = B477602F1CA1A980005127EB /* NSHTTPURLResponse+Haneke.swift */; };
		B47760761CA1A980005127EB /* NSURLResponse+Haneke.swift in Sources */ = {isa = PBXBuildFile; fileRef = B47760301CA1A980005127EB /* NSURLResponse+Haneke.swift */; };
		B47760771CA1A980005127EB /* String+Haneke.swift in Sources */ = {isa = PBXBuildFile; fileRef = B47760311CA1A980005127EB /* String+Haneke.swift */; };
		B47760781CA1A980005127EB /* UIButton+Haneke.swift in Sources */ = {isa = PBXBuildFile; fileRef = B47760321CA1A980005127EB /* UIButton+Haneke.swift */; };
		B47760791CA1A980005127EB /* UIImage+Haneke.swift in Sources */ = {isa = PBXBuildFile; fileRef = B47760331CA1A980005127EB /* UIImage+Haneke.swift */; };
		B477607A1CA1A980005127EB /* UIImageView+Haneke.swift in Sources */ = {isa = PBXBuildFile; fileRef = B47760341CA1A980005127EB /* UIImageView+Haneke.swift */; };
		B477607B1CA1A980005127EB /* UIView+Haneke.swift in Sources */ = {isa = PBXBuildFile; fileRef = B47760351CA1A980005127EB /* UIView+Haneke.swift */; };
		B477607C1CA1A980005127EB /* NVActivityIndicatorAnimationBallBeat.swift in Sources */ = {isa = PBXBuildFile; fileRef = B47760381CA1A980005127EB /* NVActivityIndicatorAnimationBallBeat.swift */; };
		B477607D1CA1A980005127EB /* NVActivityIndicatorAnimationBallClipRotate.swift in Sources */ = {isa = PBXBuildFile; fileRef = B47760391CA1A980005127EB /* NVActivityIndicatorAnimationBallClipRotate.swift */; };
		B477607E1CA1A980005127EB /* NVActivityIndicatorAnimationBallClipRotateMultiple.swift in Sources */ = {isa = PBXBuildFile; fileRef = B477603A1CA1A980005127EB /* NVActivityIndicatorAnimationBallClipRotateMultiple.swift */; };
		B477607F1CA1A980005127EB /* NVActivityIndicatorAnimationBallClipRotatePulse.swift in Sources */ = {isa = PBXBuildFile; fileRef = B477603B1CA1A980005127EB /* NVActivityIndicatorAnimationBallClipRotatePulse.swift */; };
		B47760801CA1A980005127EB /* NVActivityIndicatorAnimationBallGridBeat.swift in Sources */ = {isa = PBXBuildFile; fileRef = B477603C1CA1A980005127EB /* NVActivityIndicatorAnimationBallGridBeat.swift */; };
		B47760811CA1A980005127EB /* NVActivityIndicatorAnimationBallGridPulse.swift in Sources */ = {isa = PBXBuildFile; fileRef = B477603D1CA1A980005127EB /* NVActivityIndicatorAnimationBallGridPulse.swift */; };
		B47760821CA1A980005127EB /* NVActivityIndicatorAnimationBallPulse.swift in Sources */ = {isa = PBXBuildFile; fileRef = B477603E1CA1A980005127EB /* NVActivityIndicatorAnimationBallPulse.swift */; };
		B47760831CA1A980005127EB /* NVActivityIndicatorAnimationBallPulseRise.swift in Sources */ = {isa = PBXBuildFile; fileRef = B477603F1CA1A980005127EB /* NVActivityIndicatorAnimationBallPulseRise.swift */; };
		B47760841CA1A980005127EB /* NVActivityIndicatorAnimationBallPulseSync.swift in Sources */ = {isa = PBXBuildFile; fileRef = B47760401CA1A980005127EB /* NVActivityIndicatorAnimationBallPulseSync.swift */; };
		B47760851CA1A980005127EB /* NVActivityIndicatorAnimationBallRotate.swift in Sources */ = {isa = PBXBuildFile; fileRef = B47760411CA1A980005127EB /* NVActivityIndicatorAnimationBallRotate.swift */; };
		B47760861CA1A980005127EB /* NVActivityIndicatorAnimationBallRotateChase.swift in Sources */ = {isa = PBXBuildFile; fileRef = B47760421CA1A980005127EB /* NVActivityIndicatorAnimationBallRotateChase.swift */; };
		B47760871CA1A980005127EB /* NVActivityIndicatorAnimationBallScale.swift in Sources */ = {isa = PBXBuildFile; fileRef = B47760431CA1A980005127EB /* NVActivityIndicatorAnimationBallScale.swift */; };
		B47760881CA1A980005127EB /* NVActivityIndicatorAnimationBallScaleMultiple.swift in Sources */ = {isa = PBXBuildFile; fileRef = B47760441CA1A980005127EB /* NVActivityIndicatorAnimationBallScaleMultiple.swift */; };
		B47760891CA1A980005127EB /* NVActivityIndicatorAnimationBallScaleRipple.swift in Sources */ = {isa = PBXBuildFile; fileRef = B47760451CA1A980005127EB /* NVActivityIndicatorAnimationBallScaleRipple.swift */; };
		B477608A1CA1A980005127EB /* NVActivityIndicatorAnimationBallScaleRippleMultiple.swift in Sources */ = {isa = PBXBuildFile; fileRef = B47760461CA1A980005127EB /* NVActivityIndicatorAnimationBallScaleRippleMultiple.swift */; };
		B477608B1CA1A980005127EB /* NVActivityIndicatorAnimationBallSpinFadeLoader.swift in Sources */ = {isa = PBXBuildFile; fileRef = B47760471CA1A980005127EB /* NVActivityIndicatorAnimationBallSpinFadeLoader.swift */; };
		B477608C1CA1A980005127EB /* NVActivityIndicatorAnimationBallTrianglePath.swift in Sources */ = {isa = PBXBuildFile; fileRef = B47760481CA1A980005127EB /* NVActivityIndicatorAnimationBallTrianglePath.swift */; };
		B477608D1CA1A980005127EB /* NVActivityIndicatorAnimationBallZigZag.swift in Sources */ = {isa = PBXBuildFile; fileRef = B47760491CA1A980005127EB /* NVActivityIndicatorAnimationBallZigZag.swift */; };
		B477608E1CA1A980005127EB /* NVActivityIndicatorAnimationBallZigZagDeflect.swift in Sources */ = {isa = PBXBuildFile; fileRef = B477604A1CA1A980005127EB /* NVActivityIndicatorAnimationBallZigZagDeflect.swift */; };
		B477608F1CA1A980005127EB /* NVActivityIndicatorAnimationBlank.swift in Sources */ = {isa = PBXBuildFile; fileRef = B477604B1CA1A980005127EB /* NVActivityIndicatorAnimationBlank.swift */; };
		B47760901CA1A980005127EB /* NVActivityIndicatorAnimationCubeTransition.swift in Sources */ = {isa = PBXBuildFile; fileRef = B477604C1CA1A980005127EB /* NVActivityIndicatorAnimationCubeTransition.swift */; };
		B47760911CA1A980005127EB /* NVActivityIndicatorAnimationLineScale.swift in Sources */ = {isa = PBXBuildFile; fileRef = B477604D1CA1A980005127EB /* NVActivityIndicatorAnimationLineScale.swift */; };
		B47760921CA1A980005127EB /* NVActivityIndicatorAnimationLineScaleParty.swift in Sources */ = {isa = PBXBuildFile; fileRef = B477604E1CA1A980005127EB /* NVActivityIndicatorAnimationLineScaleParty.swift */; };
		B47760931CA1A980005127EB /* NVActivityIndicatorAnimationLineScalePulseOut.swift in Sources */ = {isa = PBXBuildFile; fileRef = B477604F1CA1A980005127EB /* NVActivityIndicatorAnimationLineScalePulseOut.swift */; };
		B47760941CA1A980005127EB /* NVActivityIndicatorAnimationLineScalePulseOutRapid.swift in Sources */ = {isa = PBXBuildFile; fileRef = B47760501CA1A980005127EB /* NVActivityIndicatorAnimationLineScalePulseOutRapid.swift */; };
		B47760951CA1A980005127EB /* NVActivityIndicatorAnimationLineSpinFadeLoader.swift in Sources */ = {isa = PBXBuildFile; fileRef = B47760511CA1A980005127EB /* NVActivityIndicatorAnimationLineSpinFadeLoader.swift */; };
		B47760961CA1A980005127EB /* NVActivityIndicatorAnimationPacman.swift in Sources */ = {isa = PBXBuildFile; fileRef = B47760521CA1A980005127EB /* NVActivityIndicatorAnimationPacman.swift */; };
		B47760971CA1A980005127EB /* NVActivityIndicatorAnimationSemiCircleSpin.swift in Sources */ = {isa = PBXBuildFile; fileRef = B47760531CA1A980005127EB /* NVActivityIndicatorAnimationSemiCircleSpin.swift */; };
		B47760981CA1A980005127EB /* NVActivityIndicatorAnimationSquareSpin.swift in Sources */ = {isa = PBXBuildFile; fileRef = B47760541CA1A980005127EB /* NVActivityIndicatorAnimationSquareSpin.swift */; };
		B47760991CA1A980005127EB /* NVActivityIndicatorAnimationTriangleSkewSpin.swift in Sources */ = {isa = PBXBuildFile; fileRef = B47760551CA1A980005127EB /* NVActivityIndicatorAnimationTriangleSkewSpin.swift */; };
		B477609A1CA1A980005127EB /* NVActivityIndicatorAnimationDelegate.swift in Sources */ = {isa = PBXBuildFile; fileRef = B47760561CA1A980005127EB /* NVActivityIndicatorAnimationDelegate.swift */; };
		B477609B1CA1A980005127EB /* NVActivityIndicatorShape.swift in Sources */ = {isa = PBXBuildFile; fileRef = B47760571CA1A980005127EB /* NVActivityIndicatorShape.swift */; };
		B477609C1CA1A980005127EB /* NVActivityIndicatorView.swift in Sources */ = {isa = PBXBuildFile; fileRef = B47760591CA1A980005127EB /* NVActivityIndicatorView.swift */; };
/* End PBXBuildFile section */

/* Begin PBXFileReference section */
		054C4C8CE24F7ACBE26CD5F6 /* Pods-Girl.debug.xcconfig */ = {isa = PBXFileReference; includeInIndex = 1; lastKnownFileType = text.xcconfig; name = "Pods-Girl.debug.xcconfig"; path = "Pods/Target Support Files/Pods-Girl/Pods-Girl.debug.xcconfig"; sourceTree = "<group>"; };
		ADC2CDAAFBDCA79B2F6588E6 /* Pods_Girl.framework */ = {isa = PBXFileReference; explicitFileType = wrapper.framework; includeInIndex = 0; path = Pods_Girl.framework; sourceTree = BUILT_PRODUCTS_DIR; };
		B4775F6B1CA0FAA7005127EB /* Girl.app */ = {isa = PBXFileReference; explicitFileType = wrapper.application; includeInIndex = 0; path = Girl.app; sourceTree = BUILT_PRODUCTS_DIR; };
		B4775F6E1CA0FAA7005127EB /* AppDelegate.swift */ = {isa = PBXFileReference; lastKnownFileType = sourcecode.swift; path = AppDelegate.swift; sourceTree = "<group>"; };
		B4775F701CA0FAA7005127EB /* ViewController.swift */ = {isa = PBXFileReference; lastKnownFileType = sourcecode.swift; path = ViewController.swift; sourceTree = "<group>"; };
		B4775F731CA0FAA7005127EB /* Base */ = {isa = PBXFileReference; lastKnownFileType = file.storyboard; name = Base; path = Base.lproj/Main.storyboard; sourceTree = "<group>"; };
		B4775F751CA0FAA7005127EB /* Assets.xcassets */ = {isa = PBXFileReference; lastKnownFileType = folder.assetcatalog; path = Assets.xcassets; sourceTree = "<group>"; };
		B4775F781CA0FAA8005127EB /* Base */ = {isa = PBXFileReference; lastKnownFileType = file.storyboard; name = Base; path = Base.lproj/LaunchScreen.storyboard; sourceTree = "<group>"; };
		B4775F7A1CA0FAA8005127EB /* Info.plist */ = {isa = PBXFileReference; lastKnownFileType = text.plist.xml; path = Info.plist; sourceTree = "<group>"; };
		B4775F801CA11BDA005127EB /* Girl-Bridging-Header.h */ = {isa = PBXFileReference; lastKnownFileType = sourcecode.c.h; path = "Girl-Bridging-Header.h"; sourceTree = "<group>"; };
		B4775F881CA11E41005127EB /* GirlNavigationController.swift */ = {isa = PBXFileReference; fileEncoding = 4; lastKnownFileType = sourcecode.swift; path = GirlNavigationController.swift; sourceTree = "<group>"; };
		B4775F8B1CA11F69005127EB /* UIColor+Extension.swift */ = {isa = PBXFileReference; fileEncoding = 4; lastKnownFileType = sourcecode.swift; path = "UIColor+Extension.swift"; sourceTree = "<group>"; };
		B4775F8D1CA12646005127EB /* GirlTabBarController.swift */ = {isa = PBXFileReference; fileEncoding = 4; lastKnownFileType = sourcecode.swift; path = GirlTabBarController.swift; sourceTree = "<group>"; };
		B4775F901CA12C5D005127EB /* GirlBaseUIViewController.swift */ = {isa = PBXFileReference; fileEncoding = 4; lastKnownFileType = sourcecode.swift; path = GirlBaseUIViewController.swift; sourceTree = "<group>"; };
		B4775F921CA12CCF005127EB /* HomePageController.swift */ = {isa = PBXFileReference; fileEncoding = 4; lastKnownFileType = sourcecode.swift; path = HomePageController.swift; sourceTree = "<group>"; };
		B4775F941CA12CE6005127EB /* ProgressController.swift */ = {isa = PBXFileReference; fileEncoding = 4; lastKnownFileType = sourcecode.swift; path = ProgressController.swift; sourceTree = "<group>"; };
		B4775F961CA12CFA005127EB /* DiscoverController.swift */ = {isa = PBXFileReference; fileEncoding = 4; lastKnownFileType = sourcecode.swift; path = DiscoverController.swift; sourceTree = "<group>"; };
		B4775F981CA12D1C005127EB /* FavourController.swift */ = {isa = PBXFileReference; fileEncoding = 4; lastKnownFileType = sourcecode.swift; path = FavourController.swift; sourceTree = "<group>"; };
		B4775FA01CA1339E005127EB /* tab_discover@2x.png */ = {isa = PBXFileReference; lastKnownFileType = image.png; path = "tab_discover@2x.png"; sourceTree = "<group>"; };
		B4775FA11CA1339E005127EB /* tab_discover_pre@2x.png */ = {isa = PBXFileReference; lastKnownFileType = image.png; path = "tab_discover_pre@2x.png"; sourceTree = "<group>"; };
		B4775FA21CA1339E005127EB /* tab_fav@2x.png */ = {isa = PBXFileReference; lastKnownFileType = image.png; path = "tab_fav@2x.png"; sourceTree = "<group>"; };
		B4775FA31CA1339E005127EB /* tab_fav_pre@2x.png */ = {isa = PBXFileReference; lastKnownFileType = image.png; path = "tab_fav_pre@2x.png"; sourceTree = "<group>"; };
		B4775FA41CA1339E005127EB /* tab_home@2x.png */ = {isa = PBXFileReference; lastKnownFileType = image.png; path = "tab_home@2x.png"; sourceTree = "<group>"; };
		B4775FA51CA1339E005127EB /* tab_home_pre@2x.png */ = {isa = PBXFileReference; lastKnownFileType = image.png; path = "tab_home_pre@2x.png"; sourceTree = "<group>"; };
		B4775FA61CA1339E005127EB /* tab_progress@2x.png */ = {isa = PBXFileReference; lastKnownFileType = image.png; path = "tab_progress@2x.png"; sourceTree = "<group>"; };
		B4775FA71CA1339E005127EB /* tab_progress_pre@2x.png */ = {isa = PBXFileReference; lastKnownFileType = image.png; path = "tab_progress_pre@2x.png"; sourceTree = "<group>"; };
		B4775FA91CA1339E005127EB /* tab_discover@3x.png */ = {isa = PBXFileReference; lastKnownFileType = image.png; path = "tab_discover@3x.png"; sourceTree = "<group>"; };
		B4775FAA1CA1339E005127EB /* tab_discover_pre@3x.png */ = {isa = PBXFileReference; lastKnownFileType = image.png; path = "tab_discover_pre@3x.png"; sourceTree = "<group>"; };
		B4775FAB1CA1339E005127EB /* tab_fav@3x.png */ = {isa = PBXFileReference; lastKnownFileType = image.png; path = "tab_fav@3x.png"; sourceTree = "<group>"; };
		B4775FAC1CA1339E005127EB /* tab_fav_pre@3x.png */ = {isa = PBXFileReference; lastKnownFileType = image.png; path = "tab_fav_pre@3x.png"; sourceTree = "<group>"; };
		B4775FAD1CA1339E005127EB /* tab_home@3x.png */ = {isa = PBXFileReference; lastKnownFileType = image.png; path = "tab_home@3x.png"; sourceTree = "<group>"; };
		B4775FAE1CA1339E005127EB /* tab_home_pre@3x.png */ = {isa = PBXFileReference; lastKnownFileType = image.png; path = "tab_home_pre@3x.png"; sourceTree = "<group>"; };
		B4775FAF1CA1339E005127EB /* tab_progress@3x.png */ = {isa = PBXFileReference; lastKnownFileType = image.png; path = "tab_progress@3x.png"; sourceTree = "<group>"; };
		B4775FB01CA1339E005127EB /* tab_progress_pre@3x.png */ = {isa = PBXFileReference; lastKnownFileType = image.png; path = "tab_progress_pre@3x.png"; sourceTree = "<group>"; };
		B4775FC11CA1396D005127EB /* BaseCollectionController.swift */ = {isa = PBXFileReference; fileEncoding = 4; lastKnownFileType = sourcecode.swift; path = BaseCollectionController.swift; sourceTree = "<group>"; };
		B4775FC41CA140EC005127EB /* PhotosCell.swift */ = {isa = PBXFileReference; fileEncoding = 4; lastKnownFileType = sourcecode.swift; path = PhotosCell.swift; sourceTree = "<group>"; };
		B4775FC71CA14A0E005127EB /* nav_back@2x.png */ = {isa = PBXFileReference; lastKnownFileType = image.png; path = "nav_back@2x.png"; sourceTree = "<group>"; };
		B4775FC81CA14A0E005127EB /* nav_back@3x.png */ = {isa = PBXFileReference; lastKnownFileType = image.png; path = "nav_back@3x.png"; sourceTree = "<group>"; };
		B4775FCC1CA1525A005127EB /* HTTPDataProcess.swift */ = {isa = PBXFileReference; fileEncoding = 4; lastKnownFileType = sourcecode.swift; path = HTTPDataProcess.swift; sourceTree = "<group>"; };
		B4775FCD1CA1525A005127EB /* HTTPNetworkMonitor.swift */ = {isa = PBXFileReference; fileEncoding = 4; lastKnownFileType = sourcecode.swift; path = HTTPNetworkMonitor.swift; sourceTree = "<group>"; };
		B4775FCE1CA1525A005127EB /* HTTPRequest.swift */ = {isa = PBXFileReference; fileEncoding = 4; lastKnownFileType = sourcecode.swift; path = HTTPRequest.swift; sourceTree = "<group>"; };
		B4775FCF1CA1525A005127EB /* HTTPRequestManager.swift */ = {isa = PBXFileReference; fileEncoding = 4; lastKnownFileType = sourcecode.swift; path = HTTPRequestManager.swift; sourceTree = "<group>"; };
		B4775FD11CA1525A005127EB /* Reachability.swift */ = {isa = PBXFileReference; fileEncoding = 4; lastKnownFileType = sourcecode.swift; path = Reachability.swift; sourceTree = "<group>"; };
		B4775FD71CA159DE005127EB /* PhotoLibController.swift */ = {isa = PBXFileReference; fileEncoding = 4; lastKnownFileType = sourcecode.swift; path = PhotoLibController.swift; sourceTree = "<group>"; };
		B4775FDA1CA18D2E005127EB /* DownloadImageExtensions.swift */ = {isa = PBXFileReference; fileEncoding = 4; lastKnownFileType = sourcecode.swift; path = DownloadImageExtensions.swift; sourceTree = "<group>"; };
		B4775FDB1CA18D2E005127EB /* DownloadImageManager.swift */ = {isa = PBXFileReference; fileEncoding = 4; lastKnownFileType = sourcecode.swift; path = DownloadImageManager.swift; sourceTree = "<group>"; };
		B4775FDC1CA18D2E005127EB /* DownloadImageOperation.swift */ = {isa = PBXFileReference; fileEncoding = 4; lastKnownFileType = sourcecode.swift; path = DownloadImageOperation.swift; sourceTree = "<group>"; };
		B4775FE01CA1A348005127EB /* PhotoDetailController.swift */ = {isa = PBXFileReference; fileEncoding = 4; lastKnownFileType = sourcecode.swift; path = PhotoDetailController.swift; sourceTree = "<group>"; };
		B4775FE41CA1A852005127EB /* PhotoBrowser+Common.swift */ = {isa = PBXFileReference; fileEncoding = 4; lastKnownFileType = sourcecode.swift; path = "PhotoBrowser+Common.swift"; sourceTree = "<group>"; };
		B4775FE51CA1A852005127EB /* pic.bundle */ = {isa = PBXFileReference; lastKnownFileType = "wrapper.plug-in"; path = pic.bundle; sourceTree = "<group>"; };
		B4775FE71CA1A853005127EB /* PhotoBrowser+CollectionViewExtend.swift */ = {isa = PBXFileReference; fileEncoding = 4; lastKnownFileType = sourcecode.swift; path = "PhotoBrowser+CollectionViewExtend.swift"; sourceTree = "<group>"; };
		B4775FE81CA1A853005127EB /* PhotoBrowser+HUD.swift */ = {isa = PBXFileReference; fileEncoding = 4; lastKnownFileType = sourcecode.swift; path = "PhotoBrowser+HUD.swift"; sourceTree = "<group>"; };
		B4775FE91CA1A853005127EB /* PhotoBrowser+Indicator.swift */ = {isa = PBXFileReference; fileEncoding = 4; lastKnownFileType = sourcecode.swift; path = "PhotoBrowser+Indicator.swift"; sourceTree = "<group>"; };
		B4775FEA1CA1A853005127EB /* PhotoBrowser+Main.swift */ = {isa = PBXFileReference; fileEncoding = 4; lastKnownFileType = sourcecode.swift; path = "PhotoBrowser+Main.swift"; sourceTree = "<group>"; };
		B4775FEB1CA1A853005127EB /* PhotoBrowser+PBType.swift */ = {isa = PBXFileReference; fileEncoding = 4; lastKnownFileType = sourcecode.swift; path = "PhotoBrowser+PBType.swift"; sourceTree = "<group>"; };
		B4775FEC1CA1A853005127EB /* PhotoBrowser+ZoomAnim.swift */ = {isa = PBXFileReference; fileEncoding = 4; lastKnownFileType = sourcecode.swift; path = "PhotoBrowser+ZoomAnim.swift"; sourceTree = "<group>"; };
		B4775FEE1CA1A853005127EB /* Layout.swift */ = {isa = PBXFileReference; fileEncoding = 4; lastKnownFileType = sourcecode.swift; path = Layout.swift; sourceTree = "<group>"; };
		B4775FF01CA1A853005127EB /* PhotoBrowser+Model.swift */ = {isa = PBXFileReference; fileEncoding = 4; lastKnownFileType = sourcecode.swift; path = "PhotoBrowser+Model.swift"; sourceTree = "<group>"; };
		B4775FF11CA1A853005127EB /* PhotoBrowser.swift */ = {isa = PBXFileReference; fileEncoding = 4; lastKnownFileType = sourcecode.swift; path = PhotoBrowser.swift; sourceTree = "<group>"; };
		B4775FF31CA1A853005127EB /* CollectionView.swift */ = {isa = PBXFileReference; fileEncoding = 4; lastKnownFileType = sourcecode.swift; path = CollectionView.swift; sourceTree = "<group>"; };
		B4775FF41CA1A853005127EB /* ItemCell.swift */ = {isa = PBXFileReference; fileEncoding = 4; lastKnownFileType = sourcecode.swift; path = ItemCell.swift; sourceTree = "<group>"; };
		B4775FF51CA1A853005127EB /* ItemCell.xib */ = {isa = PBXFileReference; fileEncoding = 4; lastKnownFileType = file.xib; path = ItemCell.xib; sourceTree = "<group>"; };
		B4775FF61CA1A853005127EB /* ShowImageView.swift */ = {isa = PBXFileReference; fileEncoding = 4; lastKnownFileType = sourcecode.swift; path = ShowImageView.swift; sourceTree = "<group>"; };
		B47760101CA1A980005127EB /* CFSnapKit.swift */ = {isa = PBXFileReference; fileEncoding = 4; lastKnownFileType = sourcecode.swift; path = CFSnapKit.swift; sourceTree = "<group>"; };
		B47760121CA1A980005127EB /* Constraint.swift */ = {isa = PBXFileReference; fileEncoding = 4; lastKnownFileType = sourcecode.swift; path = Constraint.swift; sourceTree = "<group>"; };
		B47760131CA1A980005127EB /* ConstraintAttributes.swift */ = {isa = PBXFileReference; fileEncoding = 4; lastKnownFileType = sourcecode.swift; path = ConstraintAttributes.swift; sourceTree = "<group>"; };
		B47760141CA1A980005127EB /* ConstraintDescription.swift */ = {isa = PBXFileReference; fileEncoding = 4; lastKnownFileType = sourcecode.swift; path = ConstraintDescription.swift; sourceTree = "<group>"; };
		B47760151CA1A980005127EB /* ConstraintItem.swift */ = {isa = PBXFileReference; fileEncoding = 4; lastKnownFileType = sourcecode.swift; path = ConstraintItem.swift; sourceTree = "<group>"; };
		B47760161CA1A980005127EB /* ConstraintMaker.swift */ = {isa = PBXFileReference; fileEncoding = 4; lastKnownFileType = sourcecode.swift; path = ConstraintMaker.swift; sourceTree = "<group>"; };
		B47760171CA1A980005127EB /* ConstraintRelation.swift */ = {isa = PBXFileReference; fileEncoding = 4; lastKnownFileType = sourcecode.swift; path = ConstraintRelation.swift; sourceTree = "<group>"; };
		B47760181CA1A980005127EB /* Debugging.swift */ = {isa = PBXFileReference; fileEncoding = 4; lastKnownFileType = sourcecode.swift; path = Debugging.swift; sourceTree = "<group>"; };
		B47760191CA1A980005127EB /* EdgeInsets.swift */ = {isa = PBXFileReference; fileEncoding = 4; lastKnownFileType = sourcecode.swift; path = EdgeInsets.swift; sourceTree = "<group>"; };
		B477601A1CA1A980005127EB /* LayoutConstraint.swift */ = {isa = PBXFileReference; fileEncoding = 4; lastKnownFileType = sourcecode.swift; path = LayoutConstraint.swift; sourceTree = "<group>"; };
		B477601B1CA1A980005127EB /* SnapKit.h */ = {isa = PBXFileReference; fileEncoding = 4; lastKnownFileType = sourcecode.c.h; path = SnapKit.h; sourceTree = "<group>"; };
		B477601C1CA1A980005127EB /* SnapKit.swift */ = {isa = PBXFileReference; fileEncoding = 4; lastKnownFileType = sourcecode.swift; path = SnapKit.swift; sourceTree = "<group>"; };
		B477601D1CA1A980005127EB /* SourceLocation.swift */ = {isa = PBXFileReference; fileEncoding = 4; lastKnownFileType = sourcecode.swift; path = SourceLocation.swift; sourceTree = "<group>"; };
		B477601E1CA1A980005127EB /* View+SnapKit.swift */ = {isa = PBXFileReference; fileEncoding = 4; lastKnownFileType = sourcecode.swift; path = "View+SnapKit.swift"; sourceTree = "<group>"; };
		B477601F1CA1A980005127EB /* ViewController+SnapKit.swift */ = {isa = PBXFileReference; fileEncoding = 4; lastKnownFileType = sourcecode.swift; path = "ViewController+SnapKit.swift"; sourceTree = "<group>"; };
		B47760211CA1A980005127EB /* Cache.swift */ = {isa = PBXFileReference; fileEncoding = 4; lastKnownFileType = sourcecode.swift; path = Cache.swift; sourceTree = "<group>"; };
		B47760221CA1A980005127EB /* CGSize+Swift.swift */ = {isa = PBXFileReference; fileEncoding = 4; lastKnownFileType = sourcecode.swift; path = "CGSize+Swift.swift"; sourceTree = "<group>"; };
		B47760231CA1A980005127EB /* CryptoSwiftMD5.swift */ = {isa = PBXFileReference; fileEncoding = 4; lastKnownFileType = sourcecode.swift; path = CryptoSwiftMD5.swift; sourceTree = "<group>"; };
		B47760241CA1A980005127EB /* Data.swift */ = {isa = PBXFileReference; fileEncoding = 4; lastKnownFileType = sourcecode.swift; path = Data.swift; sourceTree = "<group>"; };
		B47760251CA1A980005127EB /* DiskCache.swift */ = {isa = PBXFileReference; fileEncoding = 4; lastKnownFileType = sourcecode.swift; path = DiskCache.swift; sourceTree = "<group>"; };
		B47760261CA1A980005127EB /* DiskFetcher.swift */ = {isa = PBXFileReference; fileEncoding = 4; lastKnownFileType = sourcecode.swift; path = DiskFetcher.swift; sourceTree = "<group>"; };
		B47760271CA1A980005127EB /* Fetch.swift */ = {isa = PBXFileReference; fileEncoding = 4; lastKnownFileType = sourcecode.swift; path = Fetch.swift; sourceTree = "<group>"; };
		B47760281CA1A980005127EB /* Fetcher.swift */ = {isa = PBXFileReference; fileEncoding = 4; lastKnownFileType = sourcecode.swift; path = Fetcher.swift; sourceTree = "<group>"; };
		B47760291CA1A980005127EB /* Format.swift */ = {isa = PBXFileReference; fileEncoding = 4; lastKnownFileType = sourcecode.swift; path = Format.swift; sourceTree = "<group>"; };
		B477602A1CA1A980005127EB /* Haneke.h */ = {isa = PBXFileReference; fileEncoding = 4; lastKnownFileType = sourcecode.c.h; path = Haneke.h; sourceTree = "<group>"; };
		B477602B1CA1A980005127EB /* Haneke.swift */ = {isa = PBXFileReference; fileEncoding = 4; lastKnownFileType = sourcecode.swift; path = Haneke.swift; sourceTree = "<group>"; };
		B477602C1CA1A980005127EB /* Log.swift */ = {isa = PBXFileReference; fileEncoding = 4; lastKnownFileType = sourcecode.swift; path = Log.swift; sourceTree = "<group>"; };
		B477602D1CA1A980005127EB /* NetworkFetcher.swift */ = {isa = PBXFileReference; fileEncoding = 4; lastKnownFileType = sourcecode.swift; path = NetworkFetcher.swift; sourceTree = "<group>"; };
		B477602E1CA1A980005127EB /* NSFileManager+Haneke.swift */ = {isa = PBXFileReference; fileEncoding = 4; lastKnownFileType = sourcecode.swift; path = "NSFileManager+Haneke.swift"; sourceTree = "<group>"; };
		B477602F1CA1A980005127EB /* NSHTTPURLResponse+Haneke.swift */ = {isa = PBXFileReference; fileEncoding = 4; lastKnownFileType = sourcecode.swift; path = "NSHTTPURLResponse+Haneke.swift"; sourceTree = "<group>"; };
		B47760301CA1A980005127EB /* NSURLResponse+Haneke.swift */ = {isa = PBXFileReference; fileEncoding = 4; lastKnownFileType = sourcecode.swift; path = "NSURLResponse+Haneke.swift"; sourceTree = "<group>"; };
		B47760311CA1A980005127EB /* String+Haneke.swift */ = {isa = PBXFileReference; fileEncoding = 4; lastKnownFileType = sourcecode.swift; path = "String+Haneke.swift"; sourceTree = "<group>"; };
		B47760321CA1A980005127EB /* UIButton+Haneke.swift */ = {isa = PBXFileReference; fileEncoding = 4; lastKnownFileType = sourcecode.swift; path = "UIButton+Haneke.swift"; sourceTree = "<group>"; };
		B47760331CA1A980005127EB /* UIImage+Haneke.swift */ = {isa = PBXFileReference; fileEncoding = 4; lastKnownFileType = sourcecode.swift; path = "UIImage+Haneke.swift"; sourceTree = "<group>"; };
		B47760341CA1A980005127EB /* UIImageView+Haneke.swift */ = {isa = PBXFileReference; fileEncoding = 4; lastKnownFileType = sourcecode.swift; path = "UIImageView+Haneke.swift"; sourceTree = "<group>"; };
		B47760351CA1A980005127EB /* UIView+Haneke.swift */ = {isa = PBXFileReference; fileEncoding = 4; lastKnownFileType = sourcecode.swift; path = "UIView+Haneke.swift"; sourceTree = "<group>"; };
		B47760381CA1A980005127EB /* NVActivityIndicatorAnimationBallBeat.swift */ = {isa = PBXFileReference; fileEncoding = 4; lastKnownFileType = sourcecode.swift; path = NVActivityIndicatorAnimationBallBeat.swift; sourceTree = "<group>"; };
		B47760391CA1A980005127EB /* NVActivityIndicatorAnimationBallClipRotate.swift */ = {isa = PBXFileReference; fileEncoding = 4; lastKnownFileType = sourcecode.swift; path = NVActivityIndicatorAnimationBallClipRotate.swift; sourceTree = "<group>"; };
		B477603A1CA1A980005127EB /* NVActivityIndicatorAnimationBallClipRotateMultiple.swift */ = {isa = PBXFileReference; fileEncoding = 4; lastKnownFileType = sourcecode.swift; path = NVActivityIndicatorAnimationBallClipRotateMultiple.swift; sourceTree = "<group>"; };
		B477603B1CA1A980005127EB /* NVActivityIndicatorAnimationBallClipRotatePulse.swift */ = {isa = PBXFileReference; fileEncoding = 4; lastKnownFileType = sourcecode.swift; path = NVActivityIndicatorAnimationBallClipRotatePulse.swift; sourceTree = "<group>"; };
		B477603C1CA1A980005127EB /* NVActivityIndicatorAnimationBallGridBeat.swift */ = {isa = PBXFileReference; fileEncoding = 4; lastKnownFileType = sourcecode.swift; path = NVActivityIndicatorAnimationBallGridBeat.swift; sourceTree = "<group>"; };
		B477603D1CA1A980005127EB /* NVActivityIndicatorAnimationBallGridPulse.swift */ = {isa = PBXFileReference; fileEncoding = 4; lastKnownFileType = sourcecode.swift; path = NVActivityIndicatorAnimationBallGridPulse.swift; sourceTree = "<group>"; };
		B477603E1CA1A980005127EB /* NVActivityIndicatorAnimationBallPulse.swift */ = {isa = PBXFileReference; fileEncoding = 4; lastKnownFileType = sourcecode.swift; path = NVActivityIndicatorAnimationBallPulse.swift; sourceTree = "<group>"; };
		B477603F1CA1A980005127EB /* NVActivityIndicatorAnimationBallPulseRise.swift */ = {isa = PBXFileReference; fileEncoding = 4; lastKnownFileType = sourcecode.swift; path = NVActivityIndicatorAnimationBallPulseRise.swift; sourceTree = "<group>"; };
		B47760401CA1A980005127EB /* NVActivityIndicatorAnimationBallPulseSync.swift */ = {isa = PBXFileReference; fileEncoding = 4; lastKnownFileType = sourcecode.swift; path = NVActivityIndicatorAnimationBallPulseSync.swift; sourceTree = "<group>"; };
		B47760411CA1A980005127EB /* NVActivityIndicatorAnimationBallRotate.swift */ = {isa = PBXFileReference; fileEncoding = 4; lastKnownFileType = sourcecode.swift; path = NVActivityIndicatorAnimationBallRotate.swift; sourceTree = "<group>"; };
		B47760421CA1A980005127EB /* NVActivityIndicatorAnimationBallRotateChase.swift */ = {isa = PBXFileReference; fileEncoding = 4; lastKnownFileType = sourcecode.swift; path = NVActivityIndicatorAnimationBallRotateChase.swift; sourceTree = "<group>"; };
		B47760431CA1A980005127EB /* NVActivityIndicatorAnimationBallScale.swift */ = {isa = PBXFileReference; fileEncoding = 4; lastKnownFileType = sourcecode.swift; path = NVActivityIndicatorAnimationBallScale.swift; sourceTree = "<group>"; };
		B47760441CA1A980005127EB /* NVActivityIndicatorAnimationBallScaleMultiple.swift */ = {isa = PBXFileReference; fileEncoding = 4; lastKnownFileType = sourcecode.swift; path = NVActivityIndicatorAnimationBallScaleMultiple.swift; sourceTree = "<group>"; };
		B47760451CA1A980005127EB /* NVActivityIndicatorAnimationBallScaleRipple.swift */ = {isa = PBXFileReference; fileEncoding = 4; lastKnownFileType = sourcecode.swift; path = NVActivityIndicatorAnimationBallScaleRipple.swift; sourceTree = "<group>"; };
		B47760461CA1A980005127EB /* NVActivityIndicatorAnimationBallScaleRippleMultiple.swift */ = {isa = PBXFileReference; fileEncoding = 4; lastKnownFileType = sourcecode.swift; path = NVActivityIndicatorAnimationBallScaleRippleMultiple.swift; sourceTree = "<group>"; };
		B47760471CA1A980005127EB /* NVActivityIndicatorAnimationBallSpinFadeLoader.swift */ = {isa = PBXFileReference; fileEncoding = 4; lastKnownFileType = sourcecode.swift; path = NVActivityIndicatorAnimationBallSpinFadeLoader.swift; sourceTree = "<group>"; };
		B47760481CA1A980005127EB /* NVActivityIndicatorAnimationBallTrianglePath.swift */ = {isa = PBXFileReference; fileEncoding = 4; lastKnownFileType = sourcecode.swift; path = NVActivityIndicatorAnimationBallTrianglePath.swift; sourceTree = "<group>"; };
		B47760491CA1A980005127EB /* NVActivityIndicatorAnimationBallZigZag.swift */ = {isa = PBXFileReference; fileEncoding = 4; lastKnownFileType = sourcecode.swift; path = NVActivityIndicatorAnimationBallZigZag.swift; sourceTree = "<group>"; };
		B477604A1CA1A980005127EB /* NVActivityIndicatorAnimationBallZigZagDeflect.swift */ = {isa = PBXFileReference; fileEncoding = 4; lastKnownFileType = sourcecode.swift; path = NVActivityIndicatorAnimationBallZigZagDeflect.swift; sourceTree = "<group>"; };
		B477604B1CA1A980005127EB /* NVActivityIndicatorAnimationBlank.swift */ = {isa = PBXFileReference; fileEncoding = 4; lastKnownFileType = sourcecode.swift; path = NVActivityIndicatorAnimationBlank.swift; sourceTree = "<group>"; };
		B477604C1CA1A980005127EB /* NVActivityIndicatorAnimationCubeTransition.swift */ = {isa = PBXFileReference; fileEncoding = 4; lastKnownFileType = sourcecode.swift; path = NVActivityIndicatorAnimationCubeTransition.swift; sourceTree = "<group>"; };
		B477604D1CA1A980005127EB /* NVActivityIndicatorAnimationLineScale.swift */ = {isa = PBXFileReference; fileEncoding = 4; lastKnownFileType = sourcecode.swift; path = NVActivityIndicatorAnimationLineScale.swift; sourceTree = "<group>"; };
		B477604E1CA1A980005127EB /* NVActivityIndicatorAnimationLineScaleParty.swift */ = {isa = PBXFileReference; fileEncoding = 4; lastKnownFileType = sourcecode.swift; path = NVActivityIndicatorAnimationLineScaleParty.swift; sourceTree = "<group>"; };
		B477604F1CA1A980005127EB /* NVActivityIndicatorAnimationLineScalePulseOut.swift */ = {isa = PBXFileReference; fileEncoding = 4; lastKnownFileType = sourcecode.swift; path = NVActivityIndicatorAnimationLineScalePulseOut.swift; sourceTree = "<group>"; };
		B47760501CA1A980005127EB /* NVActivityIndicatorAnimationLineScalePulseOutRapid.swift */ = {isa = PBXFileReference; fileEncoding = 4; lastKnownFileType = sourcecode.swift; path = NVActivityIndicatorAnimationLineScalePulseOutRapid.swift; sourceTree = "<group>"; };
		B47760511CA1A980005127EB /* NVActivityIndicatorAnimationLineSpinFadeLoader.swift */ = {isa = PBXFileReference; fileEncoding = 4; lastKnownFileType = sourcecode.swift; path = NVActivityIndicatorAnimationLineSpinFadeLoader.swift; sourceTree = "<group>"; };
		B47760521CA1A980005127EB /* NVActivityIndicatorAnimationPacman.swift */ = {isa = PBXFileReference; fileEncoding = 4; lastKnownFileType = sourcecode.swift; path = NVActivityIndicatorAnimationPacman.swift; sourceTree = "<group>"; };
		B47760531CA1A980005127EB /* NVActivityIndicatorAnimationSemiCircleSpin.swift */ = {isa = PBXFileReference; fileEncoding = 4; lastKnownFileType = sourcecode.swift; path = NVActivityIndicatorAnimationSemiCircleSpin.swift; sourceTree = "<group>"; };
		B47760541CA1A980005127EB /* NVActivityIndicatorAnimationSquareSpin.swift */ = {isa = PBXFileReference; fileEncoding = 4; lastKnownFileType = sourcecode.swift; path = NVActivityIndicatorAnimationSquareSpin.swift; sourceTree = "<group>"; };
		B47760551CA1A980005127EB /* NVActivityIndicatorAnimationTriangleSkewSpin.swift */ = {isa = PBXFileReference; fileEncoding = 4; lastKnownFileType = sourcecode.swift; path = NVActivityIndicatorAnimationTriangleSkewSpin.swift; sourceTree = "<group>"; };
		B47760561CA1A980005127EB /* NVActivityIndicatorAnimationDelegate.swift */ = {isa = PBXFileReference; fileEncoding = 4; lastKnownFileType = sourcecode.swift; path = NVActivityIndicatorAnimationDelegate.swift; sourceTree = "<group>"; };
		B47760571CA1A980005127EB /* NVActivityIndicatorShape.swift */ = {isa = PBXFileReference; fileEncoding = 4; lastKnownFileType = sourcecode.swift; path = NVActivityIndicatorShape.swift; sourceTree = "<group>"; };
		B47760581CA1A980005127EB /* NVActivityIndicatorView.h */ = {isa = PBXFileReference; fileEncoding = 4; lastKnownFileType = sourcecode.c.h; path = NVActivityIndicatorView.h; sourceTree = "<group>"; };
		B47760591CA1A980005127EB /* NVActivityIndicatorView.swift */ = {isa = PBXFileReference; fileEncoding = 4; lastKnownFileType = sourcecode.swift; path = NVActivityIndicatorView.swift; sourceTree = "<group>"; };
		B84F2BEC2CF524392BD01F80 /* Pods-Girl.release.xcconfig */ = {isa = PBXFileReference; includeInIndex = 1; lastKnownFileType = text.xcconfig; name = "Pods-Girl.release.xcconfig"; path = "Pods/Target Support Files/Pods-Girl/Pods-Girl.release.xcconfig"; sourceTree = "<group>"; };
/* End PBXFileReference section */

/* Begin PBXFrameworksBuildPhase section */
		B4775F681CA0FAA7005127EB /* Frameworks */ = {
			isa = PBXFrameworksBuildPhase;
			buildActionMask = 2147483647;
			files = (
				A53AD01268E183394AF9BB5C /* Pods_Girl.framework in Frameworks */,
			);
			runOnlyForDeploymentPostprocessing = 0;
		};
/* End PBXFrameworksBuildPhase section */

/* Begin PBXGroup section */
		2921F7EAF3B26A4F90DE59B7 /* Frameworks */ = {
			isa = PBXGroup;
			children = (
				ADC2CDAAFBDCA79B2F6588E6 /* Pods_Girl.framework */,
			);
			name = Frameworks;
			sourceTree = "<group>";
		};
		B4775F621CA0FAA7005127EB = {
			isa = PBXGroup;
			children = (
				B4775F6D1CA0FAA7005127EB /* Girl */,
				B4775F6C1CA0FAA7005127EB /* Products */,
				F5783CA1B8AF4FF656C9AEBE /* Pods */,
				2921F7EAF3B26A4F90DE59B7 /* Frameworks */,
			);
			sourceTree = "<group>";
		};
		B4775F6C1CA0FAA7005127EB /* Products */ = {
			isa = PBXGroup;
			children = (
				B4775F6B1CA0FAA7005127EB /* Girl.app */,
			);
			name = Products;
			sourceTree = "<group>";
		};
		B4775F6D1CA0FAA7005127EB /* Girl */ = {
			isa = PBXGroup;
			children = (
				B4775F6E1CA0FAA7005127EB /* AppDelegate.swift */,
				B4775F701CA0FAA7005127EB /* ViewController.swift */,
				B4775FC31CA140D2005127EB /* ScanPhotos */,
				B4775F8F1CA12C15005127EB /* MainClasses */,
				B4775F871CA11E41005127EB /* BasicalClasses */,
				B4775F8A1CA11F69005127EB /* Tools */,
				B4775F9D1CA12DD6005127EB /* Images */,
				B4775F771CA0FAA7005127EB /* LaunchScreen.storyboard */,
				B4775F721CA0FAA7005127EB /* Main.storyboard */,
				B4775F7A1CA0FAA8005127EB /* Info.plist */,
				B4775F751CA0FAA7005127EB /* Assets.xcassets */,
				B4775F801CA11BDA005127EB /* Girl-Bridging-Header.h */,
			);
			path = Girl;
			sourceTree = "<group>";
		};
		B4775F871CA11E41005127EB /* BasicalClasses */ = {
			isa = PBXGroup;
			children = (
				B4775F881CA11E41005127EB /* GirlNavigationController.swift */,
				B4775F8D1CA12646005127EB /* GirlTabBarController.swift */,
				B4775F901CA12C5D005127EB /* GirlBaseUIViewController.swift */,
				B4775FC11CA1396D005127EB /* BaseCollectionController.swift */,
			);
			path = BasicalClasses;
			sourceTree = "<group>";
		};
		B4775F8A1CA11F69005127EB /* Tools */ = {
			isa = PBXGroup;
			children = (
				B4775F8B1CA11F69005127EB /* UIColor+Extension.swift */,
				B4775FE21CA1A852005127EB /* PhotoBrowser */,
				B4775FD91CA18D2E005127EB /* ImageDownload */,
				B4775FCB1CA1525A005127EB /* Network */,
			);
			path = Tools;
			sourceTree = "<group>";
		};
		B4775F8F1CA12C15005127EB /* MainClasses */ = {
			isa = PBXGroup;
			children = (
				B4775F921CA12CCF005127EB /* HomePageController.swift */,
				B4775F941CA12CE6005127EB /* ProgressController.swift */,
				B4775F961CA12CFA005127EB /* DiscoverController.swift */,
				B4775F981CA12D1C005127EB /* FavourController.swift */,
			);
			path = MainClasses;
			sourceTree = "<group>";
		};
		B4775F9D1CA12DD6005127EB /* Images */ = {
			isa = PBXGroup;
			children = (
				B4775FC61CA14A0E005127EB /* Nav */,
				B4775F9E1CA1339E005127EB /* TabBar */,
			);
			path = Images;
			sourceTree = "<group>";
		};
		B4775F9E1CA1339E005127EB /* TabBar */ = {
			isa = PBXGroup;
			children = (
				B4775F9F1CA1339E005127EB /* @2x */,
				B4775FA81CA1339E005127EB /* @3x */,
			);
			path = TabBar;
			sourceTree = "<group>";
		};
		B4775F9F1CA1339E005127EB /* @2x */ = {
			isa = PBXGroup;
			children = (
				B4775FA01CA1339E005127EB /* tab_discover@2x.png */,
				B4775FA11CA1339E005127EB /* tab_discover_pre@2x.png */,
				B4775FA21CA1339E005127EB /* tab_fav@2x.png */,
				B4775FA31CA1339E005127EB /* tab_fav_pre@2x.png */,
				B4775FA41CA1339E005127EB /* tab_home@2x.png */,
				B4775FA51CA1339E005127EB /* tab_home_pre@2x.png */,
				B4775FA61CA1339E005127EB /* tab_progress@2x.png */,
				B4775FA71CA1339E005127EB /* tab_progress_pre@2x.png */,
			);
			path = "@2x";
			sourceTree = "<group>";
		};
		B4775FA81CA1339E005127EB /* @3x */ = {
			isa = PBXGroup;
			children = (
				B4775FA91CA1339E005127EB /* tab_discover@3x.png */,
				B4775FAA1CA1339E005127EB /* tab_discover_pre@3x.png */,
				B4775FAB1CA1339E005127EB /* tab_fav@3x.png */,
				B4775FAC1CA1339E005127EB /* tab_fav_pre@3x.png */,
				B4775FAD1CA1339E005127EB /* tab_home@3x.png */,
				B4775FAE1CA1339E005127EB /* tab_home_pre@3x.png */,
				B4775FAF1CA1339E005127EB /* tab_progress@3x.png */,
				B4775FB01CA1339E005127EB /* tab_progress_pre@3x.png */,
			);
			path = "@3x";
			sourceTree = "<group>";
		};
		B4775FC31CA140D2005127EB /* ScanPhotos */ = {
			isa = PBXGroup;
			children = (
				B4775FC41CA140EC005127EB /* PhotosCell.swift */,
				B4775FD71CA159DE005127EB /* PhotoLibController.swift */,
				B4775FE01CA1A348005127EB /* PhotoDetailController.swift */,
			);
			path = ScanPhotos;
			sourceTree = "<group>";
		};
		B4775FC61CA14A0E005127EB /* Nav */ = {
			isa = PBXGroup;
			children = (
				B4775FC71CA14A0E005127EB /* nav_back@2x.png */,
				B4775FC81CA14A0E005127EB /* nav_back@3x.png */,
			);
			path = Nav;
			sourceTree = "<group>";
		};
		B4775FCB1CA1525A005127EB /* Network */ = {
			isa = PBXGroup;
			children = (
				B4775FCC1CA1525A005127EB /* HTTPDataProcess.swift */,
				B4775FCD1CA1525A005127EB /* HTTPNetworkMonitor.swift */,
				B4775FCE1CA1525A005127EB /* HTTPRequest.swift */,
				B4775FCF1CA1525A005127EB /* HTTPRequestManager.swift */,
				B4775FD01CA1525A005127EB /* Reachability */,
			);
			path = Network;
			sourceTree = "<group>";
		};
		B4775FD01CA1525A005127EB /* Reachability */ = {
			isa = PBXGroup;
			children = (
				B4775FD11CA1525A005127EB /* Reachability.swift */,
			);
			path = Reachability;
			sourceTree = "<group>";
		};
		B4775FD91CA18D2E005127EB /* ImageDownload */ = {
			isa = PBXGroup;
			children = (
				B4775FDA1CA18D2E005127EB /* DownloadImageExtensions.swift */,
				B4775FDB1CA18D2E005127EB /* DownloadImageManager.swift */,
				B4775FDC1CA18D2E005127EB /* DownloadImageOperation.swift */,
			);
			path = ImageDownload;
			sourceTree = "<group>";
		};
		B4775FE21CA1A852005127EB /* PhotoBrowser */ = {
			isa = PBXGroup;
			children = (
				B477600F1CA1A980005127EB /* CFSnapKit */,
				B47760201CA1A980005127EB /* Haneke */,
				B47760361CA1A980005127EB /* NVActivityIndicatorView */,
				B4775FE31CA1A852005127EB /* Common */,
				B4775FE61CA1A853005127EB /* Controller */,
				B4775FED1CA1A853005127EB /* Layout */,
				B4775FEF1CA1A853005127EB /* Model */,
				B4775FF11CA1A853005127EB /* PhotoBrowser.swift */,
				B4775FF21CA1A853005127EB /* View */,
			);
			path = PhotoBrowser;
			sourceTree = "<group>";
		};
		B4775FE31CA1A852005127EB /* Common */ = {
			isa = PBXGroup;
			children = (
				B4775FE41CA1A852005127EB /* PhotoBrowser+Common.swift */,
				B4775FE51CA1A852005127EB /* pic.bundle */,
			);
			path = Common;
			sourceTree = "<group>";
		};
		B4775FE61CA1A853005127EB /* Controller */ = {
			isa = PBXGroup;
			children = (
				B4775FE71CA1A853005127EB /* PhotoBrowser+CollectionViewExtend.swift */,
				B4775FE81CA1A853005127EB /* PhotoBrowser+HUD.swift */,
				B4775FE91CA1A853005127EB /* PhotoBrowser+Indicator.swift */,
				B4775FEA1CA1A853005127EB /* PhotoBrowser+Main.swift */,
				B4775FEB1CA1A853005127EB /* PhotoBrowser+PBType.swift */,
				B4775FEC1CA1A853005127EB /* PhotoBrowser+ZoomAnim.swift */,
			);
			path = Controller;
			sourceTree = "<group>";
		};
		B4775FED1CA1A853005127EB /* Layout */ = {
			isa = PBXGroup;
			children = (
				B4775FEE1CA1A853005127EB /* Layout.swift */,
			);
			path = Layout;
			sourceTree = "<group>";
		};
		B4775FEF1CA1A853005127EB /* Model */ = {
			isa = PBXGroup;
			children = (
				B4775FF01CA1A853005127EB /* PhotoBrowser+Model.swift */,
			);
			path = Model;
			sourceTree = "<group>";
		};
		B4775FF21CA1A853005127EB /* View */ = {
			isa = PBXGroup;
			children = (
				B4775FF31CA1A853005127EB /* CollectionView.swift */,
				B4775FF41CA1A853005127EB /* ItemCell.swift */,
				B4775FF51CA1A853005127EB /* ItemCell.xib */,
				B4775FF61CA1A853005127EB /* ShowImageView.swift */,
			);
			path = View;
			sourceTree = "<group>";
		};
		B477600F1CA1A980005127EB /* CFSnapKit */ = {
			isa = PBXGroup;
			children = (
				B47760101CA1A980005127EB /* CFSnapKit.swift */,
				B47760111CA1A980005127EB /* Source */,
			);
			path = CFSnapKit;
			sourceTree = "<group>";
		};
		B47760111CA1A980005127EB /* Source */ = {
			isa = PBXGroup;
			children = (
				B47760121CA1A980005127EB /* Constraint.swift */,
				B47760131CA1A980005127EB /* ConstraintAttributes.swift */,
				B47760141CA1A980005127EB /* ConstraintDescription.swift */,
				B47760151CA1A980005127EB /* ConstraintItem.swift */,
				B47760161CA1A980005127EB /* ConstraintMaker.swift */,
				B47760171CA1A980005127EB /* ConstraintRelation.swift */,
				B47760181CA1A980005127EB /* Debugging.swift */,
				B47760191CA1A980005127EB /* EdgeInsets.swift */,
				B477601A1CA1A980005127EB /* LayoutConstraint.swift */,
				B477601B1CA1A980005127EB /* SnapKit.h */,
				B477601C1CA1A980005127EB /* SnapKit.swift */,
				B477601D1CA1A980005127EB /* SourceLocation.swift */,
				B477601E1CA1A980005127EB /* View+SnapKit.swift */,
				B477601F1CA1A980005127EB /* ViewController+SnapKit.swift */,
			);
			path = Source;
			sourceTree = "<group>";
		};
		B47760201CA1A980005127EB /* Haneke */ = {
			isa = PBXGroup;
			children = (
				B47760211CA1A980005127EB /* Cache.swift */,
				B47760221CA1A980005127EB /* CGSize+Swift.swift */,
				B47760231CA1A980005127EB /* CryptoSwiftMD5.swift */,
				B47760241CA1A980005127EB /* Data.swift */,
				B47760251CA1A980005127EB /* DiskCache.swift */,
				B47760261CA1A980005127EB /* DiskFetcher.swift */,
				B47760271CA1A980005127EB /* Fetch.swift */,
				B47760281CA1A980005127EB /* Fetcher.swift */,
				B47760291CA1A980005127EB /* Format.swift */,
				B477602A1CA1A980005127EB /* Haneke.h */,
				B477602B1CA1A980005127EB /* Haneke.swift */,
				B477602C1CA1A980005127EB /* Log.swift */,
				B477602D1CA1A980005127EB /* NetworkFetcher.swift */,
				B477602E1CA1A980005127EB /* NSFileManager+Haneke.swift */,
				B477602F1CA1A980005127EB /* NSHTTPURLResponse+Haneke.swift */,
				B47760301CA1A980005127EB /* NSURLResponse+Haneke.swift */,
				B47760311CA1A980005127EB /* String+Haneke.swift */,
				B47760321CA1A980005127EB /* UIButton+Haneke.swift */,
				B47760331CA1A980005127EB /* UIImage+Haneke.swift */,
				B47760341CA1A980005127EB /* UIImageView+Haneke.swift */,
				B47760351CA1A980005127EB /* UIView+Haneke.swift */,
			);
			path = Haneke;
			sourceTree = "<group>";
		};
		B47760361CA1A980005127EB /* NVActivityIndicatorView */ = {
			isa = PBXGroup;
			children = (
				B47760371CA1A980005127EB /* Animations */,
				B47760561CA1A980005127EB /* NVActivityIndicatorAnimationDelegate.swift */,
				B47760571CA1A980005127EB /* NVActivityIndicatorShape.swift */,
				B47760581CA1A980005127EB /* NVActivityIndicatorView.h */,
				B47760591CA1A980005127EB /* NVActivityIndicatorView.swift */,
			);
			path = NVActivityIndicatorView;
			sourceTree = "<group>";
		};
		B47760371CA1A980005127EB /* Animations */ = {
			isa = PBXGroup;
			children = (
				B47760381CA1A980005127EB /* NVActivityIndicatorAnimationBallBeat.swift */,
				B47760391CA1A980005127EB /* NVActivityIndicatorAnimationBallClipRotate.swift */,
				B477603A1CA1A980005127EB /* NVActivityIndicatorAnimationBallClipRotateMultiple.swift */,
				B477603B1CA1A980005127EB /* NVActivityIndicatorAnimationBallClipRotatePulse.swift */,
				B477603C1CA1A980005127EB /* NVActivityIndicatorAnimationBallGridBeat.swift */,
				B477603D1CA1A980005127EB /* NVActivityIndicatorAnimationBallGridPulse.swift */,
				B477603E1CA1A980005127EB /* NVActivityIndicatorAnimationBallPulse.swift */,
				B477603F1CA1A980005127EB /* NVActivityIndicatorAnimationBallPulseRise.swift */,
				B47760401CA1A980005127EB /* NVActivityIndicatorAnimationBallPulseSync.swift */,
				B47760411CA1A980005127EB /* NVActivityIndicatorAnimationBallRotate.swift */,
				B47760421CA1A980005127EB /* NVActivityIndicatorAnimationBallRotateChase.swift */,
				B47760431CA1A980005127EB /* NVActivityIndicatorAnimationBallScale.swift */,
				B47760441CA1A980005127EB /* NVActivityIndicatorAnimationBallScaleMultiple.swift */,
				B47760451CA1A980005127EB /* NVActivityIndicatorAnimationBallScaleRipple.swift */,
				B47760461CA1A980005127EB /* NVActivityIndicatorAnimationBallScaleRippleMultiple.swift */,
				B47760471CA1A980005127EB /* NVActivityIndicatorAnimationBallSpinFadeLoader.swift */,
				B47760481CA1A980005127EB /* NVActivityIndicatorAnimationBallTrianglePath.swift */,
				B47760491CA1A980005127EB /* NVActivityIndicatorAnimationBallZigZag.swift */,
				B477604A1CA1A980005127EB /* NVActivityIndicatorAnimationBallZigZagDeflect.swift */,
				B477604B1CA1A980005127EB /* NVActivityIndicatorAnimationBlank.swift */,
				B477604C1CA1A980005127EB /* NVActivityIndicatorAnimationCubeTransition.swift */,
				B477604D1CA1A980005127EB /* NVActivityIndicatorAnimationLineScale.swift */,
				B477604E1CA1A980005127EB /* NVActivityIndicatorAnimationLineScaleParty.swift */,
				B477604F1CA1A980005127EB /* NVActivityIndicatorAnimationLineScalePulseOut.swift */,
				B47760501CA1A980005127EB /* NVActivityIndicatorAnimationLineScalePulseOutRapid.swift */,
				B47760511CA1A980005127EB /* NVActivityIndicatorAnimationLineSpinFadeLoader.swift */,
				B47760521CA1A980005127EB /* NVActivityIndicatorAnimationPacman.swift */,
				B47760531CA1A980005127EB /* NVActivityIndicatorAnimationSemiCircleSpin.swift */,
				B47760541CA1A980005127EB /* NVActivityIndicatorAnimationSquareSpin.swift */,
				B47760551CA1A980005127EB /* NVActivityIndicatorAnimationTriangleSkewSpin.swift */,
			);
			path = Animations;
			sourceTree = "<group>";
		};
		F5783CA1B8AF4FF656C9AEBE /* Pods */ = {
			isa = PBXGroup;
			children = (
				054C4C8CE24F7ACBE26CD5F6 /* Pods-Girl.debug.xcconfig */,
				B84F2BEC2CF524392BD01F80 /* Pods-Girl.release.xcconfig */,
			);
			name = Pods;
			sourceTree = "<group>";
		};
/* End PBXGroup section */

/* Begin PBXNativeTarget section */
		B4775F6A1CA0FAA7005127EB /* Girl */ = {
			isa = PBXNativeTarget;
			buildConfigurationList = B4775F7D1CA0FAA8005127EB /* Build configuration list for PBXNativeTarget "Girl" */;
			buildPhases = (
				5E5D6B54B2DCD587CF2D4E44 /* Check Pods Manifest.lock */,
				B4775F671CA0FAA7005127EB /* Sources */,
				B4775F681CA0FAA7005127EB /* Frameworks */,
				B4775F691CA0FAA7005127EB /* Resources */,
				75C7D5DEC5CBA859E9CAF873 /* Embed Pods Frameworks */,
				F3511858F9029D50942A04B0 /* Copy Pods Resources */,
			);
			buildRules = (
			);
			dependencies = (
			);
			name = Girl;
			productName = Girl;
			productReference = B4775F6B1CA0FAA7005127EB /* Girl.app */;
			productType = "com.apple.product-type.application";
		};
/* End PBXNativeTarget section */

/* Begin PBXProject section */
		B4775F631CA0FAA7005127EB /* Project object */ = {
			isa = PBXProject;
			attributes = {
				LastSwiftUpdateCheck = 0720;
				LastUpgradeCheck = 0720;
				ORGANIZATIONNAME = "梦想";
				TargetAttributes = {
					B4775F6A1CA0FAA7005127EB = {
						CreatedOnToolsVersion = 7.2.1;
						DevelopmentTeam = FY5A6H87P6;
					};
				};
			};
			buildConfigurationList = B4775F661CA0FAA7005127EB /* Build configuration list for PBXProject "Girl" */;
			compatibilityVersion = "Xcode 3.2";
			developmentRegion = English;
			hasScannedForEncodings = 0;
			knownRegions = (
				en,
				Base,
			);
			mainGroup = B4775F621CA0FAA7005127EB;
			productRefGroup = B4775F6C1CA0FAA7005127EB /* Products */;
			projectDirPath = "";
			projectRoot = "";
			targets = (
				B4775F6A1CA0FAA7005127EB /* Girl */,
			);
		};
/* End PBXProject section */

/* Begin PBXResourcesBuildPhase section */
		B4775F691CA0FAA7005127EB /* Resources */ = {
			isa = PBXResourcesBuildPhase;
			buildActionMask = 2147483647;
			files = (
				B4775FF81CA1A853005127EB /* pic.bundle in Resources */,
				B47760041CA1A853005127EB /* ItemCell.xib in Resources */,
				B4775FBE1CA1339E005127EB /* tab_home_pre@3x.png in Resources */,
				B4775FBC1CA1339E005127EB /* tab_fav_pre@3x.png in Resources */,
				B4775F791CA0FAA8005127EB /* LaunchScreen.storyboard in Resources */,
				B4775FC01CA1339E005127EB /* tab_progress_pre@3x.png in Resources */,
				B4775FB21CA1339E005127EB /* tab_discover_pre@2x.png in Resources */,
				B4775FB11CA1339E005127EB /* tab_discover@2x.png in Resources */,
				B4775FB51CA1339E005127EB /* tab_home@2x.png in Resources */,
				B4775FBF1CA1339E005127EB /* tab_progress@3x.png in Resources */,
				B4775FB41CA1339E005127EB /* tab_fav_pre@2x.png in Resources */,
				B4775FB61CA1339E005127EB /* tab_home_pre@2x.png in Resources */,
				B4775FCA1CA14A0E005127EB /* nav_back@3x.png in Resources */,
				B4775F761CA0FAA7005127EB /* Assets.xcassets in Resources */,
				B4775FBA1CA1339E005127EB /* tab_discover_pre@3x.png in Resources */,
				B4775FB71CA1339E005127EB /* tab_progress@2x.png in Resources */,
				B4775FBB1CA1339E005127EB /* tab_fav@3x.png in Resources */,
				B4775FB81CA1339E005127EB /* tab_progress_pre@2x.png in Resources */,
				B4775FBD1CA1339E005127EB /* tab_home@3x.png in Resources */,
				B4775FB31CA1339E005127EB /* tab_fav@2x.png in Resources */,
				B4775FC91CA14A0E005127EB /* nav_back@2x.png in Resources */,
				B4775FB91CA1339E005127EB /* tab_discover@3x.png in Resources */,
				B4775F741CA0FAA7005127EB /* Main.storyboard in Resources */,
			);
			runOnlyForDeploymentPostprocessing = 0;
		};
/* End PBXResourcesBuildPhase section */

/* Begin PBXShellScriptBuildPhase section */
		5E5D6B54B2DCD587CF2D4E44 /* Check Pods Manifest.lock */ = {
			isa = PBXShellScriptBuildPhase;
			buildActionMask = 2147483647;
			files = (
			);
			inputPaths = (
			);
			name = "Check Pods Manifest.lock";
			outputPaths = (
			);
			runOnlyForDeploymentPostprocessing = 0;
			shellPath = /bin/sh;
			shellScript = "diff \"${PODS_ROOT}/../Podfile.lock\" \"${PODS_ROOT}/Manifest.lock\" > /dev/null\nif [[ $? != 0 ]] ; then\n    cat << EOM\nerror: The sandbox is not in sync with the Podfile.lock. Run 'pod install' or update your CocoaPods installation.\nEOM\n    exit 1\nfi\n";
			showEnvVarsInLog = 0;
		};
		75C7D5DEC5CBA859E9CAF873 /* Embed Pods Frameworks */ = {
			isa = PBXShellScriptBuildPhase;
			buildActionMask = 2147483647;
			files = (
			);
			inputPaths = (
			);
			name = "Embed Pods Frameworks";
			outputPaths = (
			);
			runOnlyForDeploymentPostprocessing = 0;
			shellPath = /bin/sh;
			shellScript = "\"${SRCROOT}/Pods/Target Support Files/Pods-Girl/Pods-Girl-frameworks.sh\"\n";
			showEnvVarsInLog = 0;
		};
		F3511858F9029D50942A04B0 /* Copy Pods Resources */ = {
			isa = PBXShellScriptBuildPhase;
			buildActionMask = 2147483647;
			files = (
			);
			inputPaths = (
			);
			name = "Copy Pods Resources";
			outputPaths = (
			);
			runOnlyForDeploymentPostprocessing = 0;
			shellPath = /bin/sh;
			shellScript = "\"${SRCROOT}/Pods/Target Support Files/Pods-Girl/Pods-Girl-resources.sh\"\n";
			showEnvVarsInLog = 0;
		};
/* End PBXShellScriptBuildPhase section */

/* Begin PBXSourcesBuildPhase section */
		B4775F671CA0FAA7005127EB /* Sources */ = {
			isa = PBXSourcesBuildPhase;
			buildActionMask = 2147483647;
			files = (
				B477608D1CA1A980005127EB /* NVActivityIndicatorAnimationBallZigZag.swift in Sources */,
				B4775F991CA12D1C005127EB /* FavourController.swift in Sources */,
				B47760931CA1A980005127EB /* NVActivityIndicatorAnimationLineScalePulseOut.swift in Sources */,
				B4775FD21CA1525A005127EB /* HTTPDataProcess.swift in Sources */,
				B477607A1CA1A980005127EB /* UIImageView+Haneke.swift in Sources */,
				B47760721CA1A980005127EB /* Log.swift in Sources */,
				B477607C1CA1A980005127EB /* NVActivityIndicatorAnimationBallBeat.swift in Sources */,
				B47760781CA1A980005127EB /* UIButton+Haneke.swift in Sources */,
				B47760941CA1A980005127EB /* NVActivityIndicatorAnimationLineScalePulseOutRapid.swift in Sources */,
				B47760891CA1A980005127EB /* NVActivityIndicatorAnimationBallScaleRipple.swift in Sources */,
				B47760871CA1A980005127EB /* NVActivityIndicatorAnimationBallScale.swift in Sources */,
				B4775F711CA0FAA7005127EB /* ViewController.swift in Sources */,
				B4775FDE1CA18D2E005127EB /* DownloadImageManager.swift in Sources */,
				B4775FFC1CA1A853005127EB /* PhotoBrowser+Main.swift in Sources */,
				B47760751CA1A980005127EB /* NSHTTPURLResponse+Haneke.swift in Sources */,
				B47760921CA1A980005127EB /* NVActivityIndicatorAnimationLineScaleParty.swift in Sources */,
				B477608F1CA1A980005127EB /* NVActivityIndicatorAnimationBlank.swift in Sources */,
				B477606C1CA1A980005127EB /* DiskCache.swift in Sources */,
				B47760631CA1A980005127EB /* LayoutConstraint.swift in Sources */,
				B47760051CA1A853005127EB /* ShowImageView.swift in Sources */,
				B477606F1CA1A980005127EB /* Fetcher.swift in Sources */,
				B477609B1CA1A980005127EB /* NVActivityIndicatorShape.swift in Sources */,
				B47760741CA1A980005127EB /* NSFileManager+Haneke.swift in Sources */,
				B477609A1CA1A980005127EB /* NVActivityIndicatorAnimationDelegate.swift in Sources */,
				B47760811CA1A980005127EB /* NVActivityIndicatorAnimationBallGridPulse.swift in Sources */,
				B4775F931CA12CCF005127EB /* HomePageController.swift in Sources */,
				B477605F1CA1A980005127EB /* ConstraintMaker.swift in Sources */,
				B47760611CA1A980005127EB /* Debugging.swift in Sources */,
				B477607D1CA1A980005127EB /* NVActivityIndicatorAnimationBallClipRotate.swift in Sources */,
				B47760761CA1A980005127EB /* NSURLResponse+Haneke.swift in Sources */,
				B47760851CA1A980005127EB /* NVActivityIndicatorAnimationBallRotate.swift in Sources */,
				B4775F911CA12C5D005127EB /* GirlBaseUIViewController.swift in Sources */,
				B4775FDD1CA18D2E005127EB /* DownloadImageExtensions.swift in Sources */,
				B47760841CA1A980005127EB /* NVActivityIndicatorAnimationBallPulseSync.swift in Sources */,
				B47760731CA1A980005127EB /* NetworkFetcher.swift in Sources */,
				B47760601CA1A980005127EB /* ConstraintRelation.swift in Sources */,
				B4775F891CA11E41005127EB /* GirlNavigationController.swift in Sources */,
				B47760021CA1A853005127EB /* CollectionView.swift in Sources */,
				B47760621CA1A980005127EB /* EdgeInsets.swift in Sources */,
				B47760881CA1A980005127EB /* NVActivityIndicatorAnimationBallScaleMultiple.swift in Sources */,
				B47760641CA1A980005127EB /* SnapKit.swift in Sources */,
				B4775FFD1CA1A853005127EB /* PhotoBrowser+PBType.swift in Sources */,
				B4775FD61CA1525A005127EB /* Reachability.swift in Sources */,
				B4775FFA1CA1A853005127EB /* PhotoBrowser+HUD.swift in Sources */,
				B4775F951CA12CE6005127EB /* ProgressController.swift in Sources */,
				B4775FF91CA1A853005127EB /* PhotoBrowser+CollectionViewExtend.swift in Sources */,
				B4775FD51CA1525A005127EB /* HTTPRequestManager.swift in Sources */,
				B477606E1CA1A980005127EB /* Fetch.swift in Sources */,
				B4775F971CA12CFA005127EB /* DiscoverController.swift in Sources */,
				B4775FF71CA1A853005127EB /* PhotoBrowser+Common.swift in Sources */,
				B477605E1CA1A980005127EB /* ConstraintItem.swift in Sources */,
				B47760001CA1A853005127EB /* PhotoBrowser+Model.swift in Sources */,
				B4775FFF1CA1A853005127EB /* Layout.swift in Sources */,
				B4775F6F1CA0FAA7005127EB /* AppDelegate.swift in Sources */,
				B47760691CA1A980005127EB /* CGSize+Swift.swift in Sources */,
				B47760661CA1A980005127EB /* View+SnapKit.swift in Sources */,
				B477608E1CA1A980005127EB /* NVActivityIndicatorAnimationBallZigZagDeflect.swift in Sources */,
				B477606A1CA1A980005127EB /* CryptoSwiftMD5.swift in Sources */,
				B477607B1CA1A980005127EB /* UIView+Haneke.swift in Sources */,
				B4775FC51CA140EC005127EB /* PhotosCell.swift in Sources */,
				B47760031CA1A853005127EB /* ItemCell.swift in Sources */,
				B47760991CA1A980005127EB /* NVActivityIndicatorAnimationTriangleSkewSpin.swift in Sources */,
				B477608A1CA1A980005127EB /* NVActivityIndicatorAnimationBallScaleRippleMultiple.swift in Sources */,
				B47760821CA1A980005127EB /* NVActivityIndicatorAnimationBallPulse.swift in Sources */,
				B4775FFE1CA1A853005127EB /* PhotoBrowser+ZoomAnim.swift in Sources */,
				B477605A1CA1A980005127EB /* CFSnapKit.swift in Sources */,
				B47760911CA1A980005127EB /* NVActivityIndicatorAnimationLineScale.swift in Sources */,
				B477608C1CA1A980005127EB /* NVActivityIndicatorAnimationBallTrianglePath.swift in Sources */,
				B47760961CA1A980005127EB /* NVActivityIndicatorAnimationPacman.swift in Sources */,
				B477605D1CA1A980005127EB /* ConstraintDescription.swift in Sources */,
				B47760801CA1A980005127EB /* NVActivityIndicatorAnimationBallGridBeat.swift in Sources */,
				B47760671CA1A980005127EB /* ViewController+SnapKit.swift in Sources */,
				B477605B1CA1A980005127EB /* Constraint.swift in Sources */,
				B47760901CA1A980005127EB /* NVActivityIndicatorAnimationCubeTransition.swift in Sources */,
				B47760701CA1A980005127EB /* Format.swift in Sources */,
				B4775FD81CA159DE005127EB /* PhotoLibController.swift in Sources */,
				B477606D1CA1A980005127EB /* DiskFetcher.swift in Sources */,
				B4775FE11CA1A348005127EB /* PhotoDetailController.swift in Sources */,
				B4775FDF1CA18D2E005127EB /* DownloadImageOperation.swift in Sources */,
				B47760951CA1A980005127EB /* NVActivityIndicatorAnimationLineSpinFadeLoader.swift in Sources */,
				B47760651CA1A980005127EB /* SourceLocation.swift in Sources */,
				B47760971CA1A980005127EB /* NVActivityIndicatorAnimationSemiCircleSpin.swift in Sources */,
				B4775F8E1CA12646005127EB /* GirlTabBarController.swift in Sources */,
				B47760711CA1A980005127EB /* Haneke.swift in Sources */,
				B4775FFB1CA1A853005127EB /* PhotoBrowser+Indicator.swift in Sources */,
				B477609C1CA1A980005127EB /* NVActivityIndicatorView.swift in Sources */,
				B477606B1CA1A980005127EB /* Data.swift in Sources */,
				B47760831CA1A980005127EB /* NVActivityIndicatorAnimationBallPulseRise.swift in Sources */,
				B47760011CA1A853005127EB /* PhotoBrowser.swift in Sources */,
				B477607E1CA1A980005127EB /* NVActivityIndicatorAnimationBallClipRotateMultiple.swift in Sources */,
				B4775FD31CA1525A005127EB /* HTTPNetworkMonitor.swift in Sources */,
				B477607F1CA1A980005127EB /* NVActivityIndicatorAnimationBallClipRotatePulse.swift in Sources */,
				B47760861CA1A980005127EB /* NVActivityIndicatorAnimationBallRotateChase.swift in Sources */,
				B4775FD41CA1525A005127EB /* HTTPRequest.swift in Sources */,
				B47760681CA1A980005127EB /* Cache.swift in Sources */,
				B477605C1CA1A980005127EB /* ConstraintAttributes.swift in Sources */,
				B4775F8C1CA11F69005127EB /* UIColor+Extension.swift in Sources */,
				B4775FC21CA1396D005127EB /* BaseCollectionController.swift in Sources */,
				B47760791CA1A980005127EB /* UIImage+Haneke.swift in Sources */,
				B477608B1CA1A980005127EB /* NVActivityIndicatorAnimationBallSpinFadeLoader.swift in Sources */,
				B47760981CA1A980005127EB /* NVActivityIndicatorAnimationSquareSpin.swift in Sources */,
				B47760771CA1A980005127EB /* String+Haneke.swift in Sources */,
			);
			runOnlyForDeploymentPostprocessing = 0;
		};
/* End PBXSourcesBuildPhase section */

/* Begin PBXVariantGroup section */
		B4775F721CA0FAA7005127EB /* Main.storyboard */ = {
			isa = PBXVariantGroup;
			children = (
				B4775F731CA0FAA7005127EB /* Base */,
			);
			name = Main.storyboard;
			sourceTree = "<group>";
		};
		B4775F771CA0FAA7005127EB /* LaunchScreen.storyboard */ = {
			isa = PBXVariantGroup;
			children = (
				B4775F781CA0FAA8005127EB /* Base */,
			);
			name = LaunchScreen.storyboard;
			sourceTree = "<group>";
		};
/* End PBXVariantGroup section */

/* Begin XCBuildConfiguration section */
		B4775F7B1CA0FAA8005127EB /* Debug */ = {
			isa = XCBuildConfiguration;
			buildSettings = {
				ALWAYS_SEARCH_USER_PATHS = NO;
				CLANG_CXX_LANGUAGE_STANDARD = "gnu++0x";
				CLANG_CXX_LIBRARY = "libc++";
				CLANG_ENABLE_MODULES = YES;
				CLANG_ENABLE_OBJC_ARC = YES;
				CLANG_WARN_BOOL_CONVERSION = YES;
				CLANG_WARN_CONSTANT_CONVERSION = YES;
				CLANG_WARN_DIRECT_OBJC_ISA_USAGE = YES_ERROR;
				CLANG_WARN_EMPTY_BODY = YES;
				CLANG_WARN_ENUM_CONVERSION = YES;
				CLANG_WARN_INT_CONVERSION = YES;
				CLANG_WARN_OBJC_ROOT_CLASS = YES_ERROR;
				CLANG_WARN_UNREACHABLE_CODE = YES;
				CLANG_WARN__DUPLICATE_METHOD_MATCH = YES;
				"CODE_SIGN_IDENTITY[sdk=iphoneos*]" = "iPhone Developer";
				COPY_PHASE_STRIP = NO;
				DEBUG_INFORMATION_FORMAT = dwarf;
				ENABLE_STRICT_OBJC_MSGSEND = YES;
				ENABLE_TESTABILITY = YES;
				GCC_C_LANGUAGE_STANDARD = gnu99;
				GCC_DYNAMIC_NO_PIC = NO;
				GCC_NO_COMMON_BLOCKS = YES;
				GCC_OPTIMIZATION_LEVEL = 0;
				GCC_PREPROCESSOR_DEFINITIONS = (
					"DEBUG=1",
					"$(inherited)",
				);
				GCC_WARN_64_TO_32_BIT_CONVERSION = YES;
				GCC_WARN_ABOUT_RETURN_TYPE = YES_ERROR;
				GCC_WARN_UNDECLARED_SELECTOR = YES;
				GCC_WARN_UNINITIALIZED_AUTOS = YES_AGGRESSIVE;
				GCC_WARN_UNUSED_FUNCTION = YES;
				GCC_WARN_UNUSED_VARIABLE = YES;
				IPHONEOS_DEPLOYMENT_TARGET = 9.2;
				MTL_ENABLE_DEBUG_INFO = YES;
				ONLY_ACTIVE_ARCH = YES;
				SDKROOT = iphoneos;
				SWIFT_OPTIMIZATION_LEVEL = "-Onone";
			};
			name = Debug;
		};
		B4775F7C1CA0FAA8005127EB /* Release */ = {
			isa = XCBuildConfiguration;
			buildSettings = {
				ALWAYS_SEARCH_USER_PATHS = NO;
				CLANG_CXX_LANGUAGE_STANDARD = "gnu++0x";
				CLANG_CXX_LIBRARY = "libc++";
				CLANG_ENABLE_MODULES = YES;
				CLANG_ENABLE_OBJC_ARC = YES;
				CLANG_WARN_BOOL_CONVERSION = YES;
				CLANG_WARN_CONSTANT_CONVERSION = YES;
				CLANG_WARN_DIRECT_OBJC_ISA_USAGE = YES_ERROR;
				CLANG_WARN_EMPTY_BODY = YES;
				CLANG_WARN_ENUM_CONVERSION = YES;
				CLANG_WARN_INT_CONVERSION = YES;
				CLANG_WARN_OBJC_ROOT_CLASS = YES_ERROR;
				CLANG_WARN_UNREACHABLE_CODE = YES;
				CLANG_WARN__DUPLICATE_METHOD_MATCH = YES;
				"CODE_SIGN_IDENTITY[sdk=iphoneos*]" = "iPhone Developer";
				COPY_PHASE_STRIP = NO;
				DEBUG_INFORMATION_FORMAT = "dwarf-with-dsym";
				ENABLE_NS_ASSERTIONS = NO;
				ENABLE_STRICT_OBJC_MSGSEND = YES;
				GCC_C_LANGUAGE_STANDARD = gnu99;
				GCC_NO_COMMON_BLOCKS = YES;
				GCC_WARN_64_TO_32_BIT_CONVERSION = YES;
				GCC_WARN_ABOUT_RETURN_TYPE = YES_ERROR;
				GCC_WARN_UNDECLARED_SELECTOR = YES;
				GCC_WARN_UNINITIALIZED_AUTOS = YES_AGGRESSIVE;
				GCC_WARN_UNUSED_FUNCTION = YES;
				GCC_WARN_UNUSED_VARIABLE = YES;
				IPHONEOS_DEPLOYMENT_TARGET = 9.2;
				MTL_ENABLE_DEBUG_INFO = NO;
				SDKROOT = iphoneos;
				VALIDATE_PRODUCT = YES;
			};
			name = Release;
		};
		B4775F7E1CA0FAA8005127EB /* Debug */ = {
			isa = XCBuildConfiguration;
			baseConfigurationReference = 054C4C8CE24F7ACBE26CD5F6 /* Pods-Girl.debug.xcconfig */;
			buildSettings = {
				ASSETCATALOG_COMPILER_APPICON_NAME = AppIcon;
				CLANG_ENABLE_MODULES = YES;
				INFOPLIST_FILE = Girl/Info.plist;
				LD_RUNPATH_SEARCH_PATHS = "$(inherited) @executable_path/Frameworks";
				PRODUCT_BUNDLE_IDENTIFIER = "--.Girl";
				PRODUCT_NAME = "$(TARGET_NAME)";
				SWIFT_OBJC_BRIDGING_HEADER = "Girl/Girl-Bridging-Header.h";
				SWIFT_OPTIMIZATION_LEVEL = "-Onone";
			};
			name = Debug;
		};
		B4775F7F1CA0FAA8005127EB /* Release */ = {
			isa = XCBuildConfiguration;
			baseConfigurationReference = B84F2BEC2CF524392BD01F80 /* Pods-Girl.release.xcconfig */;
			buildSettings = {
				ASSETCATALOG_COMPILER_APPICON_NAME = AppIcon;
				CLANG_ENABLE_MODULES = YES;
				INFOPLIST_FILE = Girl/Info.plist;
				LD_RUNPATH_SEARCH_PATHS = "$(inherited) @executable_path/Frameworks";
				PRODUCT_BUNDLE_IDENTIFIER = "--.Girl";
				PRODUCT_NAME = "$(TARGET_NAME)";
				SWIFT_OBJC_BRIDGING_HEADER = "Girl/Girl-Bridging-Header.h";
			};
			name = Release;
		};
/* End XCBuildConfiguration section */

/* Begin XCConfigurationList section */
		B4775F661CA0FAA7005127EB /* Build configuration list for PBXProject "Girl" */ = {
			isa = XCConfigurationList;
			buildConfigurations = (
				B4775F7B1CA0FAA8005127EB /* Debug */,
				B4775F7C1CA0FAA8005127EB /* Release */,
			);
			defaultConfigurationIsVisible = 0;
			defaultConfigurationName = Release;
		};
		B4775F7D1CA0FAA8005127EB /* Build configuration list for PBXNativeTarget "Girl" */ = {
			isa = XCConfigurationList;
			buildConfigurations = (
				B4775F7E1CA0FAA8005127EB /* Debug */,
				B4775F7F1CA0FAA8005127EB /* Release */,
			);
			defaultConfigurationIsVisible = 0;
			defaultConfigurationName = Release;
		};
/* End XCConfigurationList section */
	};
	rootObject = B4775F631CA0FAA7005127EB /* Project object */;
}
